// !$*UTF8*$!
{
	archiveVersion = 1;
	classes = {
	};
	objectVersion = 55;
	objects = {

/* Begin PBXBuildFile section */
		6B24F77028C92252003F4DB1 /* Project13App.swift in Sources */ = {isa = PBXBuildFile; fileRef = 6B24F76F28C92252003F4DB1 /* Project13App.swift */; };
		6B24F77228C92252003F4DB1 /* ContentView.swift in Sources */ = {isa = PBXBuildFile; fileRef = 6B24F77128C92252003F4DB1 /* ContentView.swift */; };
		6B24F77428C92254003F4DB1 /* Assets.xcassets in Resources */ = {isa = PBXBuildFile; fileRef = 6B24F77328C92254003F4DB1 /* Assets.xcassets */; };
		6B24F77728C92254003F4DB1 /* Preview Assets.xcassets in Resources */ = {isa = PBXBuildFile; fileRef = 6B24F77628C92254003F4DB1 /* Preview Assets.xcassets */; };
		6B24F77928C92254003F4DB1 /* Persistence.swift in Sources */ = {isa = PBXBuildFile; fileRef = 6B24F77828C92254003F4DB1 /* Persistence.swift */; };
		6B24F77C28C92254003F4DB1 /* Project13.xcdatamodeld in Sources */ = {isa = PBXBuildFile; fileRef = 6B24F77A28C92254003F4DB1 /* Project13.xcdatamodeld */; };
		6B24F78628C92254003F4DB1 /* Project13Tests.swift in Sources */ = {isa = PBXBuildFile; fileRef = 6B24F78528C92254003F4DB1 /* Project13Tests.swift */; };
		6B24F79028C92254003F4DB1 /* Project13UITests.swift in Sources */ = {isa = PBXBuildFile; fileRef = 6B24F78F28C92254003F4DB1 /* Project13UITests.swift */; };
		6B24F79228C92254003F4DB1 /* Project13UITestsLaunchTests.swift in Sources */ = {isa = PBXBuildFile; fileRef = 6B24F79128C92254003F4DB1 /* Project13UITestsLaunchTests.swift */; };
		6B24F79F28C9336B003F4DB1 /* InstafilterView.swift in Sources */ = {isa = PBXBuildFile; fileRef = 6B24F79E28C9336B003F4DB1 /* InstafilterView.swift */; };
		6B24F7A128C939EE003F4DB1 /* ViewControllerInView.swift in Sources */ = {isa = PBXBuildFile; fileRef = 6B24F7A028C939EE003F4DB1 /* ViewControllerInView.swift */; };
		6B24F7A428C93ABA003F4DB1 /* ImagePicker.swift in Sources */ = {isa = PBXBuildFile; fileRef = 6B24F7A328C93ABA003F4DB1 /* ImagePicker.swift */; };
		6B52A38528C945B10047A93E /* ImageSaver.swift in Sources */ = {isa = PBXBuildFile; fileRef = 6B52A38428C945B10047A93E /* ImageSaver.swift */; };
/* End PBXBuildFile section */

/* Begin PBXContainerItemProxy section */
		6B24F78228C92254003F4DB1 /* PBXContainerItemProxy */ = {
			isa = PBXContainerItemProxy;
			containerPortal = 6B24F76428C92252003F4DB1 /* Project object */;
			proxyType = 1;
			remoteGlobalIDString = 6B24F76B28C92252003F4DB1;
			remoteInfo = Project13;
		};
		6B24F78C28C92254003F4DB1 /* PBXContainerItemProxy */ = {
			isa = PBXContainerItemProxy;
			containerPortal = 6B24F76428C92252003F4DB1 /* Project object */;
			proxyType = 1;
			remoteGlobalIDString = 6B24F76B28C92252003F4DB1;
			remoteInfo = Project13;
		};
/* End PBXContainerItemProxy section */

/* Begin PBXFileReference section */
		6B24F76C28C92252003F4DB1 /* Project13.app */ = {isa = PBXFileReference; explicitFileType = wrapper.application; includeInIndex = 0; path = Project13.app; sourceTree = BUILT_PRODUCTS_DIR; };
		6B24F76F28C92252003F4DB1 /* Project13App.swift */ = {isa = PBXFileReference; lastKnownFileType = sourcecode.swift; path = Project13App.swift; sourceTree = "<group>"; };
		6B24F77128C92252003F4DB1 /* ContentView.swift */ = {isa = PBXFileReference; lastKnownFileType = sourcecode.swift; path = ContentView.swift; sourceTree = "<group>"; };
		6B24F77328C92254003F4DB1 /* Assets.xcassets */ = {isa = PBXFileReference; lastKnownFileType = folder.assetcatalog; path = Assets.xcassets; sourceTree = "<group>"; };
		6B24F77628C92254003F4DB1 /* Preview Assets.xcassets */ = {isa = PBXFileReference; lastKnownFileType = folder.assetcatalog; path = "Preview Assets.xcassets"; sourceTree = "<group>"; };
		6B24F77828C92254003F4DB1 /* Persistence.swift */ = {isa = PBXFileReference; lastKnownFileType = sourcecode.swift; path = Persistence.swift; sourceTree = "<group>"; };
		6B24F77B28C92254003F4DB1 /* Project13.xcdatamodel */ = {isa = PBXFileReference; lastKnownFileType = wrapper.xcdatamodel; path = Project13.xcdatamodel; sourceTree = "<group>"; };
		6B24F78128C92254003F4DB1 /* Project13Tests.xctest */ = {isa = PBXFileReference; explicitFileType = wrapper.cfbundle; includeInIndex = 0; path = Project13Tests.xctest; sourceTree = BUILT_PRODUCTS_DIR; };
		6B24F78528C92254003F4DB1 /* Project13Tests.swift */ = {isa = PBXFileReference; lastKnownFileType = sourcecode.swift; path = Project13Tests.swift; sourceTree = "<group>"; };
		6B24F78B28C92254003F4DB1 /* Project13UITests.xctest */ = {isa = PBXFileReference; explicitFileType = wrapper.cfbundle; includeInIndex = 0; path = Project13UITests.xctest; sourceTree = BUILT_PRODUCTS_DIR; };
		6B24F78F28C92254003F4DB1 /* Project13UITests.swift */ = {isa = PBXFileReference; lastKnownFileType = sourcecode.swift; path = Project13UITests.swift; sourceTree = "<group>"; };
		6B24F79128C92254003F4DB1 /* Project13UITestsLaunchTests.swift */ = {isa = PBXFileReference; lastKnownFileType = sourcecode.swift; path = Project13UITestsLaunchTests.swift; sourceTree = "<group>"; };
		6B24F79E28C9336B003F4DB1 /* InstafilterView.swift */ = {isa = PBXFileReference; lastKnownFileType = sourcecode.swift; path = InstafilterView.swift; sourceTree = "<group>"; };
		6B24F7A028C939EE003F4DB1 /* ViewControllerInView.swift */ = {isa = PBXFileReference; lastKnownFileType = sourcecode.swift; path = ViewControllerInView.swift; sourceTree = "<group>"; };
		6B24F7A328C93ABA003F4DB1 /* ImagePicker.swift */ = {isa = PBXFileReference; lastKnownFileType = sourcecode.swift; path = ImagePicker.swift; sourceTree = "<group>"; };
		6B52A38428C945B10047A93E /* ImageSaver.swift */ = {isa = PBXFileReference; lastKnownFileType = sourcecode.swift; path = ImageSaver.swift; sourceTree = "<group>"; };
/* End PBXFileReference section */

/* Begin PBXFrameworksBuildPhase section */
		6B24F76928C92252003F4DB1 /* Frameworks */ = {
			isa = PBXFrameworksBuildPhase;
			buildActionMask = 2147483647;
			files = (
			);
			runOnlyForDeploymentPostprocessing = 0;
		};
		6B24F77E28C92254003F4DB1 /* Frameworks */ = {
			isa = PBXFrameworksBuildPhase;
			buildActionMask = 2147483647;
			files = (
			);
			runOnlyForDeploymentPostprocessing = 0;
		};
		6B24F78828C92254003F4DB1 /* Frameworks */ = {
			isa = PBXFrameworksBuildPhase;
			buildActionMask = 2147483647;
			files = (
			);
			runOnlyForDeploymentPostprocessing = 0;
		};
/* End PBXFrameworksBuildPhase section */

/* Begin PBXGroup section */
		6B24F76328C92252003F4DB1 = {
			isa = PBXGroup;
			children = (
				6B24F76E28C92252003F4DB1 /* Project13 */,
				6B24F78428C92254003F4DB1 /* Project13Tests */,
				6B24F78E28C92254003F4DB1 /* Project13UITests */,
				6B24F76D28C92252003F4DB1 /* Products */,
			);
			sourceTree = "<group>";
		};
		6B24F76D28C92252003F4DB1 /* Products */ = {
			isa = PBXGroup;
			children = (
				6B24F76C28C92252003F4DB1 /* Project13.app */,
				6B24F78128C92254003F4DB1 /* Project13Tests.xctest */,
				6B24F78B28C92254003F4DB1 /* Project13UITests.xctest */,
			);
			name = Products;
			sourceTree = "<group>";
		};
		6B24F76E28C92252003F4DB1 /* Project13 */ = {
			isa = PBXGroup;
			children = (
				6B24F76F28C92252003F4DB1 /* Project13App.swift */,
				6B24F7A228C93A02003F4DB1 /* Views */,
				6B24F77328C92254003F4DB1 /* Assets.xcassets */,
				6B24F77828C92254003F4DB1 /* Persistence.swift */,
				6B24F77A28C92254003F4DB1 /* Project13.xcdatamodeld */,
				6B24F77528C92254003F4DB1 /* Preview Content */,
			);
			path = Project13;
			sourceTree = "<group>";
		};
		6B24F77528C92254003F4DB1 /* Preview Content */ = {
			isa = PBXGroup;
			children = (
				6B24F77628C92254003F4DB1 /* Preview Assets.xcassets */,
			);
			path = "Preview Content";
			sourceTree = "<group>";
		};
		6B24F78428C92254003F4DB1 /* Project13Tests */ = {
			isa = PBXGroup;
			children = (
				6B24F78528C92254003F4DB1 /* Project13Tests.swift */,
			);
			path = Project13Tests;
			sourceTree = "<group>";
		};
		6B24F78E28C92254003F4DB1 /* Project13UITests */ = {
			isa = PBXGroup;
			children = (
				6B24F78F28C92254003F4DB1 /* Project13UITests.swift */,
				6B24F79128C92254003F4DB1 /* Project13UITestsLaunchTests.swift */,
			);
			path = Project13UITests;
			sourceTree = "<group>";
		};
		6B24F7A228C93A02003F4DB1 /* Views */ = {
			isa = PBXGroup;
			children = (
				6B24F77128C92252003F4DB1 /* ContentView.swift */,
				6B24F79E28C9336B003F4DB1 /* InstafilterView.swift */,
				6B24F7A028C939EE003F4DB1 /* ViewControllerInView.swift */,
				6B24F7A328C93ABA003F4DB1 /* ImagePicker.swift */,
				6B52A38428C945B10047A93E /* ImageSaver.swift */,
			);
			path = Views;
			sourceTree = "<group>";
		};
/* End PBXGroup section */

/* Begin PBXNativeTarget section */
		6B24F76B28C92252003F4DB1 /* Project13 */ = {
			isa = PBXNativeTarget;
			buildConfigurationList = 6B24F79528C92254003F4DB1 /* Build configuration list for PBXNativeTarget "Project13" */;
			buildPhases = (
				6B24F76828C92252003F4DB1 /* Sources */,
				6B24F76928C92252003F4DB1 /* Frameworks */,
				6B24F76A28C92252003F4DB1 /* Resources */,
			);
			buildRules = (
			);
			dependencies = (
			);
			name = Project13;
			productName = Project13;
			productReference = 6B24F76C28C92252003F4DB1 /* Project13.app */;
			productType = "com.apple.product-type.application";
		};
		6B24F78028C92254003F4DB1 /* Project13Tests */ = {
			isa = PBXNativeTarget;
			buildConfigurationList = 6B24F79828C92254003F4DB1 /* Build configuration list for PBXNativeTarget "Project13Tests" */;
			buildPhases = (
				6B24F77D28C92254003F4DB1 /* Sources */,
				6B24F77E28C92254003F4DB1 /* Frameworks */,
				6B24F77F28C92254003F4DB1 /* Resources */,
			);
			buildRules = (
			);
			dependencies = (
				6B24F78328C92254003F4DB1 /* PBXTargetDependency */,
			);
			name = Project13Tests;
			productName = Project13Tests;
			productReference = 6B24F78128C92254003F4DB1 /* Project13Tests.xctest */;
			productType = "com.apple.product-type.bundle.unit-test";
		};
		6B24F78A28C92254003F4DB1 /* Project13UITests */ = {
			isa = PBXNativeTarget;
			buildConfigurationList = 6B24F79B28C92254003F4DB1 /* Build configuration list for PBXNativeTarget "Project13UITests" */;
			buildPhases = (
				6B24F78728C92254003F4DB1 /* Sources */,
				6B24F78828C92254003F4DB1 /* Frameworks */,
				6B24F78928C92254003F4DB1 /* Resources */,
			);
			buildRules = (
			);
			dependencies = (
				6B24F78D28C92254003F4DB1 /* PBXTargetDependency */,
			);
			name = Project13UITests;
			productName = Project13UITests;
			productReference = 6B24F78B28C92254003F4DB1 /* Project13UITests.xctest */;
			productType = "com.apple.product-type.bundle.ui-testing";
		};
/* End PBXNativeTarget section */

/* Begin PBXProject section */
		6B24F76428C92252003F4DB1 /* Project object */ = {
			isa = PBXProject;
			attributes = {
				BuildIndependentTargetsInParallel = 1;
				LastSwiftUpdateCheck = 1340;
				LastUpgradeCheck = 1340;
				TargetAttributes = {
					6B24F76B28C92252003F4DB1 = {
						CreatedOnToolsVersion = 13.4.1;
					};
					6B24F78028C92254003F4DB1 = {
						CreatedOnToolsVersion = 13.4.1;
						TestTargetID = 6B24F76B28C92252003F4DB1;
					};
					6B24F78A28C92254003F4DB1 = {
						CreatedOnToolsVersion = 13.4.1;
						TestTargetID = 6B24F76B28C92252003F4DB1;
					};
				};
			};
			buildConfigurationList = 6B24F76728C92252003F4DB1 /* Build configuration list for PBXProject "Project13" */;
			compatibilityVersion = "Xcode 13.0";
			developmentRegion = en;
			hasScannedForEncodings = 0;
			knownRegions = (
				en,
				Base,
			);
			mainGroup = 6B24F76328C92252003F4DB1;
			productRefGroup = 6B24F76D28C92252003F4DB1 /* Products */;
			projectDirPath = "";
			projectRoot = "";
			targets = (
				6B24F76B28C92252003F4DB1 /* Project13 */,
				6B24F78028C92254003F4DB1 /* Project13Tests */,
				6B24F78A28C92254003F4DB1 /* Project13UITests */,
			);
		};
/* End PBXProject section */

/* Begin PBXResourcesBuildPhase section */
		6B24F76A28C92252003F4DB1 /* Resources */ = {
			isa = PBXResourcesBuildPhase;
			buildActionMask = 2147483647;
			files = (
				6B24F77728C92254003F4DB1 /* Preview Assets.xcassets in Resources */,
				6B24F77428C92254003F4DB1 /* Assets.xcassets in Resources */,
			);
			runOnlyForDeploymentPostprocessing = 0;
		};
		6B24F77F28C92254003F4DB1 /* Resources */ = {
			isa = PBXResourcesBuildPhase;
			buildActionMask = 2147483647;
			files = (
			);
			runOnlyForDeploymentPostprocessing = 0;
		};
		6B24F78928C92254003F4DB1 /* Resources */ = {
			isa = PBXResourcesBuildPhase;
			buildActionMask = 2147483647;
			files = (
			);
			runOnlyForDeploymentPostprocessing = 0;
		};
/* End PBXResourcesBuildPhase section */

/* Begin PBXSourcesBuildPhase section */
		6B24F76828C92252003F4DB1 /* Sources */ = {
			isa = PBXSourcesBuildPhase;
			buildActionMask = 2147483647;
			files = (
				6B24F7A128C939EE003F4DB1 /* ViewControllerInView.swift in Sources */,
				6B24F77928C92254003F4DB1 /* Persistence.swift in Sources */,
				6B24F77C28C92254003F4DB1 /* Project13.xcdatamodeld in Sources */,
				6B24F7A428C93ABA003F4DB1 /* ImagePicker.swift in Sources */,
				6B24F77228C92252003F4DB1 /* ContentView.swift in Sources */,
				6B24F77028C92252003F4DB1 /* Project13App.swift in Sources */,
				6B24F79F28C9336B003F4DB1 /* InstafilterView.swift in Sources */,
				6B52A38528C945B10047A93E /* ImageSaver.swift in Sources */,
			);
			runOnlyForDeploymentPostprocessing = 0;
		};
		6B24F77D28C92254003F4DB1 /* Sources */ = {
			isa = PBXSourcesBuildPhase;
			buildActionMask = 2147483647;
			files = (
				6B24F78628C92254003F4DB1 /* Project13Tests.swift in Sources */,
			);
			runOnlyForDeploymentPostprocessing = 0;
		};
		6B24F78728C92254003F4DB1 /* Sources */ = {
			isa = PBXSourcesBuildPhase;
			buildActionMask = 2147483647;
			files = (
				6B24F79228C92254003F4DB1 /* Project13UITestsLaunchTests.swift in Sources */,
				6B24F79028C92254003F4DB1 /* Project13UITests.swift in Sources */,
			);
			runOnlyForDeploymentPostprocessing = 0;
		};
/* End PBXSourcesBuildPhase section */

/* Begin PBXTargetDependency section */
		6B24F78328C92254003F4DB1 /* PBXTargetDependency */ = {
			isa = PBXTargetDependency;
			target = 6B24F76B28C92252003F4DB1 /* Project13 */;
			targetProxy = 6B24F78228C92254003F4DB1 /* PBXContainerItemProxy */;
		};
		6B24F78D28C92254003F4DB1 /* PBXTargetDependency */ = {
			isa = PBXTargetDependency;
			target = 6B24F76B28C92252003F4DB1 /* Project13 */;
			targetProxy = 6B24F78C28C92254003F4DB1 /* PBXContainerItemProxy */;
		};
/* End PBXTargetDependency section */

/* Begin XCBuildConfiguration section */
		6B24F79328C92254003F4DB1 /* Debug */ = {
			isa = XCBuildConfiguration;
			buildSettings = {
				ALWAYS_SEARCH_USER_PATHS = NO;
				CLANG_ANALYZER_NONNULL = YES;
				CLANG_ANALYZER_NUMBER_OBJECT_CONVERSION = YES_AGGRESSIVE;
				CLANG_CXX_LANGUAGE_STANDARD = "gnu++17";
				CLANG_ENABLE_MODULES = YES;
				CLANG_ENABLE_OBJC_ARC = YES;
				CLANG_ENABLE_OBJC_WEAK = YES;
				CLANG_WARN_BLOCK_CAPTURE_AUTORELEASING = YES;
				CLANG_WARN_BOOL_CONVERSION = YES;
				CLANG_WARN_COMMA = YES;
				CLANG_WARN_CONSTANT_CONVERSION = YES;
				CLANG_WARN_DEPRECATED_OBJC_IMPLEMENTATIONS = YES;
				CLANG_WARN_DIRECT_OBJC_ISA_USAGE = YES_ERROR;
				CLANG_WARN_DOCUMENTATION_COMMENTS = YES;
				CLANG_WARN_EMPTY_BODY = YES;
				CLANG_WARN_ENUM_CONVERSION = YES;
				CLANG_WARN_INFINITE_RECURSION = YES;
				CLANG_WARN_INT_CONVERSION = YES;
				CLANG_WARN_NON_LITERAL_NULL_CONVERSION = YES;
				CLANG_WARN_OBJC_IMPLICIT_RETAIN_SELF = YES;
				CLANG_WARN_OBJC_LITERAL_CONVERSION = YES;
				CLANG_WARN_OBJC_ROOT_CLASS = YES_ERROR;
				CLANG_WARN_QUOTED_INCLUDE_IN_FRAMEWORK_HEADER = YES;
				CLANG_WARN_RANGE_LOOP_ANALYSIS = YES;
				CLANG_WARN_STRICT_PROTOTYPES = YES;
				CLANG_WARN_SUSPICIOUS_MOVE = YES;
				CLANG_WARN_UNGUARDED_AVAILABILITY = YES_AGGRESSIVE;
				CLANG_WARN_UNREACHABLE_CODE = YES;
				CLANG_WARN__DUPLICATE_METHOD_MATCH = YES;
				COPY_PHASE_STRIP = NO;
				DEBUG_INFORMATION_FORMAT = dwarf;
				ENABLE_STRICT_OBJC_MSGSEND = YES;
				ENABLE_TESTABILITY = YES;
				GCC_C_LANGUAGE_STANDARD = gnu11;
				GCC_DYNAMIC_NO_PIC = NO;
				GCC_NO_COMMON_BLOCKS = YES;
				GCC_OPTIMIZATION_LEVEL = 0;
				GCC_PREPROCESSOR_DEFINITIONS = (
					"DEBUG=1",
					"$(inherited)",
				);
				GCC_WARN_64_TO_32_BIT_CONVERSION = YES;
				GCC_WARN_ABOUT_RETURN_TYPE = YES_ERROR;
				GCC_WARN_UNDECLARED_SELECTOR = YES;
				GCC_WARN_UNINITIALIZED_AUTOS = YES_AGGRESSIVE;
				GCC_WARN_UNUSED_FUNCTION = YES;
				GCC_WARN_UNUSED_VARIABLE = YES;
				IPHONEOS_DEPLOYMENT_TARGET = 15.5;
				MTL_ENABLE_DEBUG_INFO = INCLUDE_SOURCE;
				MTL_FAST_MATH = YES;
				ONLY_ACTIVE_ARCH = YES;
				SDKROOT = iphoneos;
				SWIFT_ACTIVE_COMPILATION_CONDITIONS = DEBUG;
				SWIFT_OPTIMIZATION_LEVEL = "-Onone";
			};
			name = Debug;
		};
		6B24F79428C92254003F4DB1 /* Release */ = {
			isa = XCBuildConfiguration;
			buildSettings = {
				ALWAYS_SEARCH_USER_PATHS = NO;
				CLANG_ANALYZER_NONNULL = YES;
				CLANG_ANALYZER_NUMBER_OBJECT_CONVERSION = YES_AGGRESSIVE;
				CLANG_CXX_LANGUAGE_STANDARD = "gnu++17";
				CLANG_ENABLE_MODULES = YES;
				CLANG_ENABLE_OBJC_ARC = YES;
				CLANG_ENABLE_OBJC_WEAK = YES;
				CLANG_WARN_BLOCK_CAPTURE_AUTORELEASING = YES;
				CLANG_WARN_BOOL_CONVERSION = YES;
				CLANG_WARN_COMMA = YES;
				CLANG_WARN_CONSTANT_CONVERSION = YES;
				CLANG_WARN_DEPRECATED_OBJC_IMPLEMENTATIONS = YES;
				CLANG_WARN_DIRECT_OBJC_ISA_USAGE = YES_ERROR;
				CLANG_WARN_DOCUMENTATION_COMMENTS = YES;
				CLANG_WARN_EMPTY_BODY = YES;
				CLANG_WARN_ENUM_CONVERSION = YES;
				CLANG_WARN_INFINITE_RECURSION = YES;
				CLANG_WARN_INT_CONVERSION = YES;
				CLANG_WARN_NON_LITERAL_NULL_CONVERSION = YES;
				CLANG_WARN_OBJC_IMPLICIT_RETAIN_SELF = YES;
				CLANG_WARN_OBJC_LITERAL_CONVERSION = YES;
				CLANG_WARN_OBJC_ROOT_CLASS = YES_ERROR;
				CLANG_WARN_QUOTED_INCLUDE_IN_FRAMEWORK_HEADER = YES;
				CLANG_WARN_RANGE_LOOP_ANALYSIS = YES;
				CLANG_WARN_STRICT_PROTOTYPES = YES;
				CLANG_WARN_SUSPICIOUS_MOVE = YES;
				CLANG_WARN_UNGUARDED_AVAILABILITY = YES_AGGRESSIVE;
				CLANG_WARN_UNREACHABLE_CODE = YES;
				CLANG_WARN__DUPLICATE_METHOD_MATCH = YES;
				COPY_PHASE_STRIP = NO;
				DEBUG_INFORMATION_FORMAT = "dwarf-with-dsym";
				ENABLE_NS_ASSERTIONS = NO;
				ENABLE_STRICT_OBJC_MSGSEND = YES;
				GCC_C_LANGUAGE_STANDARD = gnu11;
				GCC_NO_COMMON_BLOCKS = YES;
				GCC_WARN_64_TO_32_BIT_CONVERSION = YES;
				GCC_WARN_ABOUT_RETURN_TYPE = YES_ERROR;
				GCC_WARN_UNDECLARED_SELECTOR = YES;
				GCC_WARN_UNINITIALIZED_AUTOS = YES_AGGRESSIVE;
				GCC_WARN_UNUSED_FUNCTION = YES;
				GCC_WARN_UNUSED_VARIABLE = YES;
				IPHONEOS_DEPLOYMENT_TARGET = 15.5;
				MTL_ENABLE_DEBUG_INFO = NO;
				MTL_FAST_MATH = YES;
				SDKROOT = iphoneos;
				SWIFT_COMPILATION_MODE = wholemodule;
				SWIFT_OPTIMIZATION_LEVEL = "-O";
				VALIDATE_PRODUCT = YES;
			};
			name = Release;
		};
		6B24F79628C92254003F4DB1 /* Debug */ = {
			isa = XCBuildConfiguration;
			buildSettings = {
				ASSETCATALOG_COMPILER_APPICON_NAME = AppIcon;
				ASSETCATALOG_COMPILER_GLOBAL_ACCENT_COLOR_NAME = AccentColor;
				CODE_SIGN_STYLE = Automatic;
				CURRENT_PROJECT_VERSION = 1;
				DEVELOPMENT_ASSET_PATHS = "\"Project13/Preview Content\"";
				DEVELOPMENT_TEAM = 5XPP9GGY9N;
				ENABLE_PREVIEWS = YES;
				GENERATE_INFOPLIST_FILE = YES;
				INFOPLIST_KEY_NSPhotoLibraryAddUsageDescription = "Allow to save your filtered photo.";
				INFOPLIST_KEY_UIApplicationSceneManifest_Generation = YES;
				INFOPLIST_KEY_UIApplicationSupportsIndirectInputEvents = YES;
				INFOPLIST_KEY_UILaunchScreen_Generation = YES;
				INFOPLIST_KEY_UISupportedInterfaceOrientations_iPad = "UIInterfaceOrientationPortrait UIInterfaceOrientationPortraitUpsideDown UIInterfaceOrientationLandscapeLeft UIInterfaceOrientationLandscapeRight";
				INFOPLIST_KEY_UISupportedInterfaceOrientations_iPhone = "UIInterfaceOrientationPortrait UIInterfaceOrientationLandscapeLeft UIInterfaceOrientationLandscapeRight";
				LD_RUNPATH_SEARCH_PATHS = (
					"$(inherited)",
					"@executable_path/Frameworks",
				);
				MARKETING_VERSION = 1.0;
				PRODUCT_BUNDLE_IDENTIFIER = com.octotap.Project13;
				PRODUCT_NAME = "$(TARGET_NAME)";
				SWIFT_EMIT_LOC_STRINGS = YES;
				SWIFT_VERSION = 5.0;
				TARGETED_DEVICE_FAMILY = "1,2";
			};
			name = Debug;
		};
		6B24F79728C92254003F4DB1 /* Release */ = {
			isa = XCBuildConfiguration;
			buildSettings = {
				ASSETCATALOG_COMPILER_APPICON_NAME = AppIcon;
				ASSETCATALOG_COMPILER_GLOBAL_ACCENT_COLOR_NAME = AccentColor;
				CODE_SIGN_STYLE = Automatic;
				CURRENT_PROJECT_VERSION = 1;
				DEVELOPMENT_ASSET_PATHS = "\"Project13/Preview Content\"";
				DEVELOPMENT_TEAM = 5XPP9GGY9N;
				ENABLE_PREVIEWS = YES;
				GENERATE_INFOPLIST_FILE = YES;
				INFOPLIST_KEY_NSPhotoLibraryAddUsageDescription = "Allow to save your filtered photo.";
				INFOPLIST_KEY_UIApplicationSceneManifest_Generation = YES;
				INFOPLIST_KEY_UIApplicationSupportsIndirectInputEvents = YES;
				INFOPLIST_KEY_UILaunchScreen_Generation = YES;
				INFOPLIST_KEY_UISupportedInterfaceOrientations_iPad = "UIInterfaceOrientationPortrait UIInterfaceOrientationPortraitUpsideDown UIInterfaceOrientationLandscapeLeft UIInterfaceOrientationLandscapeRight";
				INFOPLIST_KEY_UISupportedInterfaceOrientations_iPhone = "UIInterfaceOrientationPortrait UIInterfaceOrientationLandscapeLeft UIInterfaceOrientationLandscapeRight";
				LD_RUNPATH_SEARCH_PATHS = (
					"$(inherited)",
					"@executable_path/Frameworks",
				);
				MARKETING_VERSION = 1.0;
				PRODUCT_BUNDLE_IDENTIFIER = com.octotap.Project13;
				PRODUCT_NAME = "$(TARGET_NAME)";
				SWIFT_EMIT_LOC_STRINGS = YES;
				SWIFT_VERSION = 5.0;
				TARGETED_DEVICE_FAMILY = "1,2";
			};
			name = Release;
		};
		6B24F79928C92254003F4DB1 /* Debug */ = {
			isa = XCBuildConfiguration;
			buildSettings = {
				ALWAYS_EMBED_SWIFT_STANDARD_LIBRARIES = YES;
				BUNDLE_LOADER = "$(TEST_HOST)";
				CODE_SIGN_STYLE = Automatic;
				CURRENT_PROJECT_VERSION = 1;
				DEVELOPMENT_TEAM = 5XPP9GGY9N;
				GENERATE_INFOPLIST_FILE = YES;
				IPHONEOS_DEPLOYMENT_TARGET = 15.5;
				MARKETING_VERSION = 1.0;
				PRODUCT_BUNDLE_IDENTIFIER = com.octotap.Project13Tests;
				PRODUCT_NAME = "$(TARGET_NAME)";
				SWIFT_EMIT_LOC_STRINGS = NO;
				SWIFT_VERSION = 5.0;
				TARGETED_DEVICE_FAMILY = "1,2";
				TEST_HOST = "$(BUILT_PRODUCTS_DIR)/Project13.app/Project13";
			};
			name = Debug;
		};
		6B24F79A28C92254003F4DB1 /* Release */ = {
			isa = XCBuildConfiguration;
			buildSettings = {
				ALWAYS_EMBED_SWIFT_STANDARD_LIBRARIES = YES;
				BUNDLE_LOADER = "$(TEST_HOST)";
				CODE_SIGN_STYLE = Automatic;
				CURRENT_PROJECT_VERSION = 1;
				DEVELOPMENT_TEAM = 5XPP9GGY9N;
				GENERATE_INFOPLIST_FILE = YES;
				IPHONEOS_DEPLOYMENT_TARGET = 15.5;
				MARKETING_VERSION = 1.0;
				PRODUCT_BUNDLE_IDENTIFIER = com.octotap.Project13Tests;
				PRODUCT_NAME = "$(TARGET_NAME)";
				SWIFT_EMIT_LOC_STRINGS = NO;
				SWIFT_VERSION = 5.0;
				TARGETED_DEVICE_FAMILY = "1,2";
				TEST_HOST = "$(BUILT_PRODUCTS_DIR)/Project13.app/Project13";
			};
			name = Release;
		};
		6B24F79C28C92254003F4DB1 /* Debug */ = {
			isa = XCBuildConfiguration;
			buildSettings = {
				ALWAYS_EMBED_SWIFT_STANDARD_LIBRARIES = YES;
				CODE_SIGN_STYLE = Automatic;
				CURRENT_PROJECT_VERSION = 1;
				DEVELOPMENT_TEAM = 5XPP9GGY9N;
				GENERATE_INFOPLIST_FILE = YES;
				MARKETING_VERSION = 1.0;
				PRODUCT_BUNDLE_IDENTIFIER = com.octotap.Project13UITests;
				PRODUCT_NAME = "$(TARGET_NAME)";
				SWIFT_EMIT_LOC_STRINGS = NO;
				SWIFT_VERSION = 5.0;
				TARGETED_DEVICE_FAMILY = "1,2";
				TEST_TARGET_NAME = Project13;
			};
			name = Debug;
		};
		6B24F79D28C92254003F4DB1 /* Release */ = {
			isa = XCBuildConfiguration;
			buildSettings = {
				ALWAYS_EMBED_SWIFT_STANDARD_LIBRARIES = YES;
				CODE_SIGN_STYLE = Automatic;
				CURRENT_PROJECT_VERSION = 1;
				DEVELOPMENT_TEAM = 5XPP9GGY9N;
				GENERATE_INFOPLIST_FILE = YES;
				MARKETING_VERSION = 1.0;
				PRODUCT_BUNDLE_IDENTIFIER = com.octotap.Project13UITests;
				PRODUCT_NAME = "$(TARGET_NAME)";
				SWIFT_EMIT_LOC_STRINGS = NO;
				SWIFT_VERSION = 5.0;
				TARGETED_DEVICE_FAMILY = "1,2";
				TEST_TARGET_NAME = Project13;
			};
			name = Release;
		};
/* End XCBuildConfiguration section */

/* Begin XCConfigurationList section */
		6B24F76728C92252003F4DB1 /* Build configuration list for PBXProject "Project13" */ = {
			isa = XCConfigurationList;
			buildConfigurations = (
				6B24F79328C92254003F4DB1 /* Debug */,
				6B24F79428C92254003F4DB1 /* Release */,
			);
			defaultConfigurationIsVisible = 0;
			defaultConfigurationName = Release;
		};
		6B24F79528C92254003F4DB1 /* Build configuration list for PBXNativeTarget "Project13" */ = {
			isa = XCConfigurationList;
			buildConfigurations = (
				6B24F79628C92254003F4DB1 /* Debug */,
				6B24F79728C92254003F4DB1 /* Release */,
			);
			defaultConfigurationIsVisible = 0;
			defaultConfigurationName = Release;
		};
		6B24F79828C92254003F4DB1 /* Build configuration list for PBXNativeTarget "Project13Tests" */ = {
			isa = XCConfigurationList;
			buildConfigurations = (
				6B24F79928C92254003F4DB1 /* Debug */,
				6B24F79A28C92254003F4DB1 /* Release */,
			);
			defaultConfigurationIsVisible = 0;
			defaultConfigurationName = Release;
		};
		6B24F79B28C92254003F4DB1 /* Build configuration list for PBXNativeTarget "Project13UITests" */ = {
			isa = XCConfigurationList;
			buildConfigurations = (
				6B24F79C28C92254003F4DB1 /* Debug */,
				6B24F79D28C92254003F4DB1 /* Release */,
			);
			defaultConfigurationIsVisible = 0;
			defaultConfigurationName = Release;
		};
/* End XCConfigurationList section */

/* Begin XCVersionGroup section */
		6B24F77A28C92254003F4DB1 /* Project13.xcdatamodeld */ = {
			isa = XCVersionGroup;
			children = (
				6B24F77B28C92254003F4DB1 /* Project13.xcdatamodel */,
			);
			currentVersion = 6B24F77B28C92254003F4DB1 /* Project13.xcdatamodel */;
			path = Project13.xcdatamodeld;
			sourceTree = "<group>";
			versionGroupType = wrapper.xcdatamodel;
		};
/* End XCVersionGroup section */
	};
	rootObject = 6B24F76428C92252003F4DB1 /* Project object */;
}
