// !$*UTF8*$!
{
	archiveVersion = 1;
	classes = {
	};
	objectVersion = 56;
	objects = {

/* Begin PBXBuildFile section */
		6BAC30FF28E394E900A60085 /* ResortView.swift in Sources */ = {isa = PBXBuildFile; fileRef = 6BAC30FE28E394E900A60085 /* ResortView.swift */; };
		6BAC310128E395A900A60085 /* SkiDetailsView.swift in Sources */ = {isa = PBXBuildFile; fileRef = 6BAC310028E395A900A60085 /* SkiDetailsView.swift */; };
		6BAC310328E3964F00A60085 /* ResortDetailsView.swift in Sources */ = {isa = PBXBuildFile; fileRef = 6BAC310228E3964F00A60085 /* ResortDetailsView.swift */; };
		6BDB13EF28E245C8002BCE02 /* Project19App.swift in Sources */ = {isa = PBXBuildFile; fileRef = 6BDB13EE28E245C8002BCE02 /* Project19App.swift */; };
		6BDB13F128E245C8002BCE02 /* ContentView.swift in Sources */ = {isa = PBXBuildFile; fileRef = 6BDB13F028E245C8002BCE02 /* ContentView.swift */; };
		6BDB13F328E245CA002BCE02 /* Assets.xcassets in Resources */ = {isa = PBXBuildFile; fileRef = 6BDB13F228E245CA002BCE02 /* Assets.xcassets */; };
		6BDB13F628E245CA002BCE02 /* Preview Assets.xcassets in Resources */ = {isa = PBXBuildFile; fileRef = 6BDB13F528E245CA002BCE02 /* Preview Assets.xcassets */; };
		6BDB13FD28E24ABA002BCE02 /* AlertSheetExampleView.swift in Sources */ = {isa = PBXBuildFile; fileRef = 6BDB13FC28E24ABA002BCE02 /* AlertSheetExampleView.swift */; };
		6BDB13FF28E24FB4002BCE02 /* GroupExampleView.swift in Sources */ = {isa = PBXBuildFile; fileRef = 6BDB13FE28E24FB3002BCE02 /* GroupExampleView.swift */; };
		6BDB140128E25181002BCE02 /* SearchableExampleView.swift in Sources */ = {isa = PBXBuildFile; fileRef = 6BDB140028E25181002BCE02 /* SearchableExampleView.swift */; };
		6BDB140328E252B8002BCE02 /* Resort.swift in Sources */ = {isa = PBXBuildFile; fileRef = 6BDB140228E252B8002BCE02 /* Resort.swift */; };
		6BDB140528E252EA002BCE02 /* resorts.json in Resources */ = {isa = PBXBuildFile; fileRef = 6BDB140428E252EA002BCE02 /* resorts.json */; };
		6BDB140728E2532F002BCE02 /* Bundle-decode.swift in Sources */ = {isa = PBXBuildFile; fileRef = 6BDB140628E2532F002BCE02 /* Bundle-decode.swift */; };
		6BDB140928E391C8002BCE02 /* WelcomeView.swift in Sources */ = {isa = PBXBuildFile; fileRef = 6BDB140828E391C8002BCE02 /* WelcomeView.swift */; };
/* End PBXBuildFile section */

/* Begin PBXFileReference section */
		6BAC30FE28E394E900A60085 /* ResortView.swift */ = {isa = PBXFileReference; lastKnownFileType = sourcecode.swift; path = ResortView.swift; sourceTree = "<group>"; };
		6BAC310028E395A900A60085 /* SkiDetailsView.swift */ = {isa = PBXFileReference; lastKnownFileType = sourcecode.swift; path = SkiDetailsView.swift; sourceTree = "<group>"; };
		6BAC310228E3964F00A60085 /* ResortDetailsView.swift */ = {isa = PBXFileReference; lastKnownFileType = sourcecode.swift; path = ResortDetailsView.swift; sourceTree = "<group>"; };
		6BDB13EB28E245C8002BCE02 /* Project19.app */ = {isa = PBXFileReference; explicitFileType = wrapper.application; includeInIndex = 0; path = Project19.app; sourceTree = BUILT_PRODUCTS_DIR; };
		6BDB13EE28E245C8002BCE02 /* Project19App.swift */ = {isa = PBXFileReference; lastKnownFileType = sourcecode.swift; path = Project19App.swift; sourceTree = "<group>"; };
		6BDB13F028E245C8002BCE02 /* ContentView.swift */ = {isa = PBXFileReference; lastKnownFileType = sourcecode.swift; path = ContentView.swift; sourceTree = "<group>"; };
		6BDB13F228E245CA002BCE02 /* Assets.xcassets */ = {isa = PBXFileReference; lastKnownFileType = folder.assetcatalog; path = Assets.xcassets; sourceTree = "<group>"; };
		6BDB13F528E245CA002BCE02 /* Preview Assets.xcassets */ = {isa = PBXFileReference; lastKnownFileType = folder.assetcatalog; path = "Preview Assets.xcassets"; sourceTree = "<group>"; };
		6BDB13FC28E24ABA002BCE02 /* AlertSheetExampleView.swift */ = {isa = PBXFileReference; lastKnownFileType = sourcecode.swift; path = AlertSheetExampleView.swift; sourceTree = "<group>"; };
		6BDB13FE28E24FB3002BCE02 /* GroupExampleView.swift */ = {isa = PBXFileReference; lastKnownFileType = sourcecode.swift; path = GroupExampleView.swift; sourceTree = "<group>"; };
		6BDB140028E25181002BCE02 /* SearchableExampleView.swift */ = {isa = PBXFileReference; lastKnownFileType = sourcecode.swift; path = SearchableExampleView.swift; sourceTree = "<group>"; };
		6BDB140228E252B8002BCE02 /* Resort.swift */ = {isa = PBXFileReference; lastKnownFileType = sourcecode.swift; path = Resort.swift; sourceTree = "<group>"; };
		6BDB140428E252EA002BCE02 /* resorts.json */ = {isa = PBXFileReference; fileEncoding = 4; lastKnownFileType = text.json; path = resorts.json; sourceTree = "<group>"; };
		6BDB140628E2532F002BCE02 /* Bundle-decode.swift */ = {isa = PBXFileReference; lastKnownFileType = sourcecode.swift; path = "Bundle-decode.swift"; sourceTree = "<group>"; };
		6BDB140828E391C8002BCE02 /* WelcomeView.swift */ = {isa = PBXFileReference; lastKnownFileType = sourcecode.swift; path = WelcomeView.swift; sourceTree = "<group>"; };
/* End PBXFileReference section */

/* Begin PBXFrameworksBuildPhase section */
		6BDB13E828E245C8002BCE02 /* Frameworks */ = {
			isa = PBXFrameworksBuildPhase;
			buildActionMask = 2147483647;
			files = (
			);
			runOnlyForDeploymentPostprocessing = 0;
		};
/* End PBXFrameworksBuildPhase section */

/* Begin PBXGroup section */
		6BDB13E228E245C8002BCE02 = {
			isa = PBXGroup;
			children = (
				6BDB13ED28E245C8002BCE02 /* Project19 */,
				6BDB13EC28E245C8002BCE02 /* Products */,
			);
			sourceTree = "<group>";
		};
		6BDB13EC28E245C8002BCE02 /* Products */ = {
			isa = PBXGroup;
			children = (
				6BDB13EB28E245C8002BCE02 /* Project19.app */,
			);
			name = Products;
			sourceTree = "<group>";
		};
		6BDB13ED28E245C8002BCE02 /* Project19 */ = {
			isa = PBXGroup;
			children = (
				6BDB13EE28E245C8002BCE02 /* Project19App.swift */,
				6BDB13F028E245C8002BCE02 /* ContentView.swift */,
				6BAC30FE28E394E900A60085 /* ResortView.swift */,
				6BAC310028E395A900A60085 /* SkiDetailsView.swift */,
				6BAC310228E3964F00A60085 /* ResortDetailsView.swift */,
				6BDB13FC28E24ABA002BCE02 /* AlertSheetExampleView.swift */,
				6BDB140828E391C8002BCE02 /* WelcomeView.swift */,
				6BDB13FE28E24FB3002BCE02 /* GroupExampleView.swift */,
				6BDB140028E25181002BCE02 /* SearchableExampleView.swift */,
				6BDB140628E2532F002BCE02 /* Bundle-decode.swift */,
				6BDB140228E252B8002BCE02 /* Resort.swift */,
				6BDB140428E252EA002BCE02 /* resorts.json */,
				6BDB13F228E245CA002BCE02 /* Assets.xcassets */,
				6BDB13F428E245CA002BCE02 /* Preview Content */,
			);
			path = Project19;
			sourceTree = "<group>";
		};
		6BDB13F428E245CA002BCE02 /* Preview Content */ = {
			isa = PBXGroup;
			children = (
				6BDB13F528E245CA002BCE02 /* Preview Assets.xcassets */,
			);
			path = "Preview Content";
			sourceTree = "<group>";
		};
/* End PBXGroup section */

/* Begin PBXNativeTarget section */
		6BDB13EA28E245C8002BCE02 /* Project19 */ = {
			isa = PBXNativeTarget;
			buildConfigurationList = 6BDB13F928E245CA002BCE02 /* Build configuration list for PBXNativeTarget "Project19" */;
			buildPhases = (
				6BDB13E728E245C8002BCE02 /* Sources */,
				6BDB13E828E245C8002BCE02 /* Frameworks */,
				6BDB13E928E245C8002BCE02 /* Resources */,
			);
			buildRules = (
			);
			dependencies = (
			);
			name = Project19;
			productName = Project19;
			productReference = 6BDB13EB28E245C8002BCE02 /* Project19.app */;
			productType = "com.apple.product-type.application";
		};
/* End PBXNativeTarget section */

/* Begin PBXProject section */
		6BDB13E328E245C8002BCE02 /* Project object */ = {
			isa = PBXProject;
			attributes = {
				BuildIndependentTargetsInParallel = 1;
				LastSwiftUpdateCheck = 1400;
				LastUpgradeCheck = 1400;
				TargetAttributes = {
					6BDB13EA28E245C8002BCE02 = {
						CreatedOnToolsVersion = 14.0;
					};
				};
			};
			buildConfigurationList = 6BDB13E628E245C8002BCE02 /* Build configuration list for PBXProject "Project19" */;
			compatibilityVersion = "Xcode 14.0";
			developmentRegion = en;
			hasScannedForEncodings = 0;
			knownRegions = (
				en,
				Base,
			);
			mainGroup = 6BDB13E228E245C8002BCE02;
			productRefGroup = 6BDB13EC28E245C8002BCE02 /* Products */;
			projectDirPath = "";
			projectRoot = "";
			targets = (
				6BDB13EA28E245C8002BCE02 /* Project19 */,
			);
		};
/* End PBXProject section */

/* Begin PBXResourcesBuildPhase section */
		6BDB13E928E245C8002BCE02 /* Resources */ = {
			isa = PBXResourcesBuildPhase;
			buildActionMask = 2147483647;
			files = (
				6BDB140528E252EA002BCE02 /* resorts.json in Resources */,
				6BDB13F628E245CA002BCE02 /* Preview Assets.xcassets in Resources */,
				6BDB13F328E245CA002BCE02 /* Assets.xcassets in Resources */,
			);
			runOnlyForDeploymentPostprocessing = 0;
		};
/* End PBXResourcesBuildPhase section */

/* Begin PBXSourcesBuildPhase section */
		6BDB13E728E245C8002BCE02 /* Sources */ = {
			isa = PBXSourcesBuildPhase;
			buildActionMask = 2147483647;
			files = (
				6BDB13FD28E24ABA002BCE02 /* AlertSheetExampleView.swift in Sources */,
				6BAC310128E395A900A60085 /* SkiDetailsView.swift in Sources */,
				6BDB140128E25181002BCE02 /* SearchableExampleView.swift in Sources */,
				6BDB140728E2532F002BCE02 /* Bundle-decode.swift in Sources */,
				6BAC310328E3964F00A60085 /* ResortDetailsView.swift in Sources */,
				6BAC30FF28E394E900A60085 /* ResortView.swift in Sources */,
				6BDB140928E391C8002BCE02 /* WelcomeView.swift in Sources */,
				6BDB13FF28E24FB4002BCE02 /* GroupExampleView.swift in Sources */,
				6BDB13F128E245C8002BCE02 /* ContentView.swift in Sources */,
				6BDB140328E252B8002BCE02 /* Resort.swift in Sources */,
				6BDB13EF28E245C8002BCE02 /* Project19App.swift in Sources */,
			);
			runOnlyForDeploymentPostprocessing = 0;
		};
/* End PBXSourcesBuildPhase section */

/* Begin XCBuildConfiguration section */
		6BDB13F728E245CA002BCE02 /* Debug */ = {
			isa = XCBuildConfiguration;
			buildSettings = {
				ALWAYS_SEARCH_USER_PATHS = NO;
				CLANG_ANALYZER_NONNULL = YES;
				CLANG_ANALYZER_NUMBER_OBJECT_CONVERSION = YES_AGGRESSIVE;
				CLANG_CXX_LANGUAGE_STANDARD = "gnu++20";
				CLANG_ENABLE_MODULES = YES;
				CLANG_ENABLE_OBJC_ARC = YES;
				CLANG_ENABLE_OBJC_WEAK = YES;
				CLANG_WARN_BLOCK_CAPTURE_AUTORELEASING = YES;
				CLANG_WARN_BOOL_CONVERSION = YES;
				CLANG_WARN_COMMA = YES;
				CLANG_WARN_CONSTANT_CONVERSION = YES;
				CLANG_WARN_DEPRECATED_OBJC_IMPLEMENTATIONS = YES;
				CLANG_WARN_DIRECT_OBJC_ISA_USAGE = YES_ERROR;
				CLANG_WARN_DOCUMENTATION_COMMENTS = YES;
				CLANG_WARN_EMPTY_BODY = YES;
				CLANG_WARN_ENUM_CONVERSION = YES;
				CLANG_WARN_INFINITE_RECURSION = YES;
				CLANG_WARN_INT_CONVERSION = YES;
				CLANG_WARN_NON_LITERAL_NULL_CONVERSION = YES;
				CLANG_WARN_OBJC_IMPLICIT_RETAIN_SELF = YES;
				CLANG_WARN_OBJC_LITERAL_CONVERSION = YES;
				CLANG_WARN_OBJC_ROOT_CLASS = YES_ERROR;
				CLANG_WARN_QUOTED_INCLUDE_IN_FRAMEWORK_HEADER = YES;
				CLANG_WARN_RANGE_LOOP_ANALYSIS = YES;
				CLANG_WARN_STRICT_PROTOTYPES = YES;
				CLANG_WARN_SUSPICIOUS_MOVE = YES;
				CLANG_WARN_UNGUARDED_AVAILABILITY = YES_AGGRESSIVE;
				CLANG_WARN_UNREACHABLE_CODE = YES;
				CLANG_WARN__DUPLICATE_METHOD_MATCH = YES;
				COPY_PHASE_STRIP = NO;
				DEBUG_INFORMATION_FORMAT = dwarf;
				ENABLE_STRICT_OBJC_MSGSEND = YES;
				ENABLE_TESTABILITY = YES;
				GCC_C_LANGUAGE_STANDARD = gnu11;
				GCC_DYNAMIC_NO_PIC = NO;
				GCC_NO_COMMON_BLOCKS = YES;
				GCC_OPTIMIZATION_LEVEL = 0;
				GCC_PREPROCESSOR_DEFINITIONS = (
					"DEBUG=1",
					"$(inherited)",
				);
				GCC_WARN_64_TO_32_BIT_CONVERSION = YES;
				GCC_WARN_ABOUT_RETURN_TYPE = YES_ERROR;
				GCC_WARN_UNDECLARED_SELECTOR = YES;
				GCC_WARN_UNINITIALIZED_AUTOS = YES_AGGRESSIVE;
				GCC_WARN_UNUSED_FUNCTION = YES;
				GCC_WARN_UNUSED_VARIABLE = YES;
				IPHONEOS_DEPLOYMENT_TARGET = 16.0;
				MTL_ENABLE_DEBUG_INFO = INCLUDE_SOURCE;
				MTL_FAST_MATH = YES;
				ONLY_ACTIVE_ARCH = YES;
				SDKROOT = iphoneos;
				SWIFT_ACTIVE_COMPILATION_CONDITIONS = DEBUG;
				SWIFT_OPTIMIZATION_LEVEL = "-Onone";
			};
			name = Debug;
		};
		6BDB13F828E245CA002BCE02 /* Release */ = {
			isa = XCBuildConfiguration;
			buildSettings = {
				ALWAYS_SEARCH_USER_PATHS = NO;
				CLANG_ANALYZER_NONNULL = YES;
				CLANG_ANALYZER_NUMBER_OBJECT_CONVERSION = YES_AGGRESSIVE;
				CLANG_CXX_LANGUAGE_STANDARD = "gnu++20";
				CLANG_ENABLE_MODULES = YES;
				CLANG_ENABLE_OBJC_ARC = YES;
				CLANG_ENABLE_OBJC_WEAK = YES;
				CLANG_WARN_BLOCK_CAPTURE_AUTORELEASING = YES;
				CLANG_WARN_BOOL_CONVERSION = YES;
				CLANG_WARN_COMMA = YES;
				CLANG_WARN_CONSTANT_CONVERSION = YES;
				CLANG_WARN_DEPRECATED_OBJC_IMPLEMENTATIONS = YES;
				CLANG_WARN_DIRECT_OBJC_ISA_USAGE = YES_ERROR;
				CLANG_WARN_DOCUMENTATION_COMMENTS = YES;
				CLANG_WARN_EMPTY_BODY = YES;
				CLANG_WARN_ENUM_CONVERSION = YES;
				CLANG_WARN_INFINITE_RECURSION = YES;
				CLANG_WARN_INT_CONVERSION = YES;
				CLANG_WARN_NON_LITERAL_NULL_CONVERSION = YES;
				CLANG_WARN_OBJC_IMPLICIT_RETAIN_SELF = YES;
				CLANG_WARN_OBJC_LITERAL_CONVERSION = YES;
				CLANG_WARN_OBJC_ROOT_CLASS = YES_ERROR;
				CLANG_WARN_QUOTED_INCLUDE_IN_FRAMEWORK_HEADER = YES;
				CLANG_WARN_RANGE_LOOP_ANALYSIS = YES;
				CLANG_WARN_STRICT_PROTOTYPES = YES;
				CLANG_WARN_SUSPICIOUS_MOVE = YES;
				CLANG_WARN_UNGUARDED_AVAILABILITY = YES_AGGRESSIVE;
				CLANG_WARN_UNREACHABLE_CODE = YES;
				CLANG_WARN__DUPLICATE_METHOD_MATCH = YES;
				COPY_PHASE_STRIP = NO;
				DEBUG_INFORMATION_FORMAT = "dwarf-with-dsym";
				ENABLE_NS_ASSERTIONS = NO;
				ENABLE_STRICT_OBJC_MSGSEND = YES;
				GCC_C_LANGUAGE_STANDARD = gnu11;
				GCC_NO_COMMON_BLOCKS = YES;
				GCC_WARN_64_TO_32_BIT_CONVERSION = YES;
				GCC_WARN_ABOUT_RETURN_TYPE = YES_ERROR;
				GCC_WARN_UNDECLARED_SELECTOR = YES;
				GCC_WARN_UNINITIALIZED_AUTOS = YES_AGGRESSIVE;
				GCC_WARN_UNUSED_FUNCTION = YES;
				GCC_WARN_UNUSED_VARIABLE = YES;
				IPHONEOS_DEPLOYMENT_TARGET = 16.0;
				MTL_ENABLE_DEBUG_INFO = NO;
				MTL_FAST_MATH = YES;
				SDKROOT = iphoneos;
				SWIFT_COMPILATION_MODE = wholemodule;
				SWIFT_OPTIMIZATION_LEVEL = "-O";
				VALIDATE_PRODUCT = YES;
			};
			name = Release;
		};
		6BDB13FA28E245CA002BCE02 /* Debug */ = {
			isa = XCBuildConfiguration;
			buildSettings = {
				ASSETCATALOG_COMPILER_APPICON_NAME = AppIcon;
				ASSETCATALOG_COMPILER_GLOBAL_ACCENT_COLOR_NAME = AccentColor;
				CODE_SIGN_STYLE = Automatic;
				CURRENT_PROJECT_VERSION = 1;
				DEVELOPMENT_ASSET_PATHS = "\"Project19/Preview Content\"";
				DEVELOPMENT_TEAM = 5XPP9GGY9N;
				ENABLE_PREVIEWS = YES;
				GENERATE_INFOPLIST_FILE = YES;
				INFOPLIST_KEY_UIApplicationSceneManifest_Generation = YES;
				INFOPLIST_KEY_UIApplicationSupportsIndirectInputEvents = YES;
				INFOPLIST_KEY_UILaunchScreen_Generation = YES;
				INFOPLIST_KEY_UISupportedInterfaceOrientations_iPad = "UIInterfaceOrientationPortrait UIInterfaceOrientationPortraitUpsideDown UIInterfaceOrientationLandscapeLeft UIInterfaceOrientationLandscapeRight";
				INFOPLIST_KEY_UISupportedInterfaceOrientations_iPhone = "UIInterfaceOrientationPortrait UIInterfaceOrientationLandscapeLeft UIInterfaceOrientationLandscapeRight";
				LD_RUNPATH_SEARCH_PATHS = (
					"$(inherited)",
					"@executable_path/Frameworks",
				);
				MARKETING_VERSION = 1.0;
				PRODUCT_BUNDLE_IDENTIFIER = com.octotap.Project19;
				PRODUCT_NAME = "$(TARGET_NAME)";
				SWIFT_EMIT_LOC_STRINGS = YES;
				SWIFT_VERSION = 5.0;
				TARGETED_DEVICE_FAMILY = "1,2";
			};
			name = Debug;
		};
		6BDB13FB28E245CA002BCE02 /* Release */ = {
			isa = XCBuildConfiguration;
			buildSettings = {
				ASSETCATALOG_COMPILER_APPICON_NAME = AppIcon;
				ASSETCATALOG_COMPILER_GLOBAL_ACCENT_COLOR_NAME = AccentColor;
				CODE_SIGN_STYLE = Automatic;
				CURRENT_PROJECT_VERSION = 1;
				DEVELOPMENT_ASSET_PATHS = "\"Project19/Preview Content\"";
				DEVELOPMENT_TEAM = 5XPP9GGY9N;
				ENABLE_PREVIEWS = YES;
				GENERATE_INFOPLIST_FILE = YES;
				INFOPLIST_KEY_UIApplicationSceneManifest_Generation = YES;
				INFOPLIST_KEY_UIApplicationSupportsIndirectInputEvents = YES;
				INFOPLIST_KEY_UILaunchScreen_Generation = YES;
				INFOPLIST_KEY_UISupportedInterfaceOrientations_iPad = "UIInterfaceOrientationPortrait UIInterfaceOrientationPortraitUpsideDown UIInterfaceOrientationLandscapeLeft UIInterfaceOrientationLandscapeRight";
				INFOPLIST_KEY_UISupportedInterfaceOrientations_iPhone = "UIInterfaceOrientationPortrait UIInterfaceOrientationLandscapeLeft UIInterfaceOrientationLandscapeRight";
				LD_RUNPATH_SEARCH_PATHS = (
					"$(inherited)",
					"@executable_path/Frameworks",
				);
				MARKETING_VERSION = 1.0;
				PRODUCT_BUNDLE_IDENTIFIER = com.octotap.Project19;
				PRODUCT_NAME = "$(TARGET_NAME)";
				SWIFT_EMIT_LOC_STRINGS = YES;
				SWIFT_VERSION = 5.0;
				TARGETED_DEVICE_FAMILY = "1,2";
			};
			name = Release;
		};
/* End XCBuildConfiguration section */

/* Begin XCConfigurationList section */
		6BDB13E628E245C8002BCE02 /* Build configuration list for PBXProject "Project19" */ = {
			isa = XCConfigurationList;
			buildConfigurations = (
				6BDB13F728E245CA002BCE02 /* Debug */,
				6BDB13F828E245CA002BCE02 /* Release */,
			);
			defaultConfigurationIsVisible = 0;
			defaultConfigurationName = Release;
		};
		6BDB13F928E245CA002BCE02 /* Build configuration list for PBXNativeTarget "Project19" */ = {
			isa = XCConfigurationList;
			buildConfigurations = (
				6BDB13FA28E245CA002BCE02 /* Debug */,
				6BDB13FB28E245CA002BCE02 /* Release */,
			);
			defaultConfigurationIsVisible = 0;
			defaultConfigurationName = Release;
		};
/* End XCConfigurationList section */
	};
	rootObject = 6BDB13E328E245C8002BCE02 /* Project object */;
}
