// !$*UTF8*$!
{
	archiveVersion = 1;
	classes = {
	};
	objectVersion = 55;
	objects = {

/* Begin PBXBuildFile section */
		6BD463F828CD348E0062934D /* Project16App.swift in Sources */ = {isa = PBXBuildFile; fileRef = 6BD463F728CD348E0062934D /* Project16App.swift */; };
		6BD463FA28CD348E0062934D /* ContentView.swift in Sources */ = {isa = PBXBuildFile; fileRef = 6BD463F928CD348E0062934D /* ContentView.swift */; };
		6BD463FC28CD348F0062934D /* Assets.xcassets in Resources */ = {isa = PBXBuildFile; fileRef = 6BD463FB28CD348F0062934D /* Assets.xcassets */; };
		6BD463FF28CD348F0062934D /* Preview Assets.xcassets in Resources */ = {isa = PBXBuildFile; fileRef = 6BD463FE28CD348F0062934D /* Preview Assets.xcassets */; };
		6BD4640128CD348F0062934D /* Persistence.swift in Sources */ = {isa = PBXBuildFile; fileRef = 6BD4640028CD348F0062934D /* Persistence.swift */; };
		6BD4640428CD348F0062934D /* Project16.xcdatamodeld in Sources */ = {isa = PBXBuildFile; fileRef = 6BD4640228CD348F0062934D /* Project16.xcdatamodeld */; };
		6BD4640E28CD348F0062934D /* Project16Tests.swift in Sources */ = {isa = PBXBuildFile; fileRef = 6BD4640D28CD348F0062934D /* Project16Tests.swift */; };
		6BD4641828CD348F0062934D /* Project16UITests.swift in Sources */ = {isa = PBXBuildFile; fileRef = 6BD4641728CD348F0062934D /* Project16UITests.swift */; };
		6BD4641A28CD348F0062934D /* Project16UITestsLaunchTests.swift in Sources */ = {isa = PBXBuildFile; fileRef = 6BD4641928CD348F0062934D /* Project16UITestsLaunchTests.swift */; };
/* End PBXBuildFile section */

/* Begin PBXContainerItemProxy section */
		6BD4640A28CD348F0062934D /* PBXContainerItemProxy */ = {
			isa = PBXContainerItemProxy;
			containerPortal = 6BD463EC28CD348E0062934D /* Project object */;
			proxyType = 1;
			remoteGlobalIDString = 6BD463F328CD348E0062934D;
			remoteInfo = Project16;
		};
		6BD4641428CD348F0062934D /* PBXContainerItemProxy */ = {
			isa = PBXContainerItemProxy;
			containerPortal = 6BD463EC28CD348E0062934D /* Project object */;
			proxyType = 1;
			remoteGlobalIDString = 6BD463F328CD348E0062934D;
			remoteInfo = Project16;
		};
/* End PBXContainerItemProxy section */

/* Begin PBXFileReference section */
		6BD463F428CD348E0062934D /* Project16.app */ = {isa = PBXFileReference; explicitFileType = wrapper.application; includeInIndex = 0; path = Project16.app; sourceTree = BUILT_PRODUCTS_DIR; };
		6BD463F728CD348E0062934D /* Project16App.swift */ = {isa = PBXFileReference; lastKnownFileType = sourcecode.swift; path = Project16App.swift; sourceTree = "<group>"; };
		6BD463F928CD348E0062934D /* ContentView.swift */ = {isa = PBXFileReference; lastKnownFileType = sourcecode.swift; path = ContentView.swift; sourceTree = "<group>"; };
		6BD463FB28CD348F0062934D /* Assets.xcassets */ = {isa = PBXFileReference; lastKnownFileType = folder.assetcatalog; path = Assets.xcassets; sourceTree = "<group>"; };
		6BD463FE28CD348F0062934D /* Preview Assets.xcassets */ = {isa = PBXFileReference; lastKnownFileType = folder.assetcatalog; path = "Preview Assets.xcassets"; sourceTree = "<group>"; };
		6BD4640028CD348F0062934D /* Persistence.swift */ = {isa = PBXFileReference; lastKnownFileType = sourcecode.swift; path = Persistence.swift; sourceTree = "<group>"; };
		6BD4640328CD348F0062934D /* Project16.xcdatamodel */ = {isa = PBXFileReference; lastKnownFileType = wrapper.xcdatamodel; path = Project16.xcdatamodel; sourceTree = "<group>"; };
		6BD4640928CD348F0062934D /* Project16Tests.xctest */ = {isa = PBXFileReference; explicitFileType = wrapper.cfbundle; includeInIndex = 0; path = Project16Tests.xctest; sourceTree = BUILT_PRODUCTS_DIR; };
		6BD4640D28CD348F0062934D /* Project16Tests.swift */ = {isa = PBXFileReference; lastKnownFileType = sourcecode.swift; path = Project16Tests.swift; sourceTree = "<group>"; };
		6BD4641328CD348F0062934D /* Project16UITests.xctest */ = {isa = PBXFileReference; explicitFileType = wrapper.cfbundle; includeInIndex = 0; path = Project16UITests.xctest; sourceTree = BUILT_PRODUCTS_DIR; };
		6BD4641728CD348F0062934D /* Project16UITests.swift */ = {isa = PBXFileReference; lastKnownFileType = sourcecode.swift; path = Project16UITests.swift; sourceTree = "<group>"; };
		6BD4641928CD348F0062934D /* Project16UITestsLaunchTests.swift */ = {isa = PBXFileReference; lastKnownFileType = sourcecode.swift; path = Project16UITestsLaunchTests.swift; sourceTree = "<group>"; };
/* End PBXFileReference section */

/* Begin PBXFrameworksBuildPhase section */
		6BD463F128CD348E0062934D /* Frameworks */ = {
			isa = PBXFrameworksBuildPhase;
			buildActionMask = 2147483647;
			files = (
			);
			runOnlyForDeploymentPostprocessing = 0;
		};
		6BD4640628CD348F0062934D /* Frameworks */ = {
			isa = PBXFrameworksBuildPhase;
			buildActionMask = 2147483647;
			files = (
			);
			runOnlyForDeploymentPostprocessing = 0;
		};
		6BD4641028CD348F0062934D /* Frameworks */ = {
			isa = PBXFrameworksBuildPhase;
			buildActionMask = 2147483647;
			files = (
			);
			runOnlyForDeploymentPostprocessing = 0;
		};
/* End PBXFrameworksBuildPhase section */

/* Begin PBXGroup section */
		6BD463EB28CD348E0062934D = {
			isa = PBXGroup;
			children = (
				6BD463F628CD348E0062934D /* Project16 */,
				6BD4640C28CD348F0062934D /* Project16Tests */,
				6BD4641628CD348F0062934D /* Project16UITests */,
				6BD463F528CD348E0062934D /* Products */,
			);
			sourceTree = "<group>";
		};
		6BD463F528CD348E0062934D /* Products */ = {
			isa = PBXGroup;
			children = (
				6BD463F428CD348E0062934D /* Project16.app */,
				6BD4640928CD348F0062934D /* Project16Tests.xctest */,
				6BD4641328CD348F0062934D /* Project16UITests.xctest */,
			);
			name = Products;
			sourceTree = "<group>";
		};
		6BD463F628CD348E0062934D /* Project16 */ = {
			isa = PBXGroup;
			children = (
				6BD463F728CD348E0062934D /* Project16App.swift */,
				6BD463F928CD348E0062934D /* ContentView.swift */,
				6BD463FB28CD348F0062934D /* Assets.xcassets */,
				6BD4640028CD348F0062934D /* Persistence.swift */,
				6BD4640228CD348F0062934D /* Project16.xcdatamodeld */,
				6BD463FD28CD348F0062934D /* Preview Content */,
			);
			path = Project16;
			sourceTree = "<group>";
		};
		6BD463FD28CD348F0062934D /* Preview Content */ = {
			isa = PBXGroup;
			children = (
				6BD463FE28CD348F0062934D /* Preview Assets.xcassets */,
			);
			path = "Preview Content";
			sourceTree = "<group>";
		};
		6BD4640C28CD348F0062934D /* Project16Tests */ = {
			isa = PBXGroup;
			children = (
				6BD4640D28CD348F0062934D /* Project16Tests.swift */,
			);
			path = Project16Tests;
			sourceTree = "<group>";
		};
		6BD4641628CD348F0062934D /* Project16UITests */ = {
			isa = PBXGroup;
			children = (
				6BD4641728CD348F0062934D /* Project16UITests.swift */,
				6BD4641928CD348F0062934D /* Project16UITestsLaunchTests.swift */,
			);
			path = Project16UITests;
			sourceTree = "<group>";
		};
/* End PBXGroup section */

/* Begin PBXNativeTarget section */
		6BD463F328CD348E0062934D /* Project16 */ = {
			isa = PBXNativeTarget;
			buildConfigurationList = 6BD4641D28CD348F0062934D /* Build configuration list for PBXNativeTarget "Project16" */;
			buildPhases = (
				6BD463F028CD348E0062934D /* Sources */,
				6BD463F128CD348E0062934D /* Frameworks */,
				6BD463F228CD348E0062934D /* Resources */,
			);
			buildRules = (
			);
			dependencies = (
			);
			name = Project16;
			productName = Project16;
			productReference = 6BD463F428CD348E0062934D /* Project16.app */;
			productType = "com.apple.product-type.application";
		};
		6BD4640828CD348F0062934D /* Project16Tests */ = {
			isa = PBXNativeTarget;
			buildConfigurationList = 6BD4642028CD348F0062934D /* Build configuration list for PBXNativeTarget "Project16Tests" */;
			buildPhases = (
				6BD4640528CD348F0062934D /* Sources */,
				6BD4640628CD348F0062934D /* Frameworks */,
				6BD4640728CD348F0062934D /* Resources */,
			);
			buildRules = (
			);
			dependencies = (
				6BD4640B28CD348F0062934D /* PBXTargetDependency */,
			);
			name = Project16Tests;
			productName = Project16Tests;
			productReference = 6BD4640928CD348F0062934D /* Project16Tests.xctest */;
			productType = "com.apple.product-type.bundle.unit-test";
		};
		6BD4641228CD348F0062934D /* Project16UITests */ = {
			isa = PBXNativeTarget;
			buildConfigurationList = 6BD4642328CD348F0062934D /* Build configuration list for PBXNativeTarget "Project16UITests" */;
			buildPhases = (
				6BD4640F28CD348F0062934D /* Sources */,
				6BD4641028CD348F0062934D /* Frameworks */,
				6BD4641128CD348F0062934D /* Resources */,
			);
			buildRules = (
			);
			dependencies = (
				6BD4641528CD348F0062934D /* PBXTargetDependency */,
			);
			name = Project16UITests;
			productName = Project16UITests;
			productReference = 6BD4641328CD348F0062934D /* Project16UITests.xctest */;
			productType = "com.apple.product-type.bundle.ui-testing";
		};
/* End PBXNativeTarget section */

/* Begin PBXProject section */
		6BD463EC28CD348E0062934D /* Project object */ = {
			isa = PBXProject;
			attributes = {
				BuildIndependentTargetsInParallel = 1;
				LastSwiftUpdateCheck = 1340;
				LastUpgradeCheck = 1340;
				TargetAttributes = {
					6BD463F328CD348E0062934D = {
						CreatedOnToolsVersion = 13.4.1;
					};
					6BD4640828CD348F0062934D = {
						CreatedOnToolsVersion = 13.4.1;
						TestTargetID = 6BD463F328CD348E0062934D;
					};
					6BD4641228CD348F0062934D = {
						CreatedOnToolsVersion = 13.4.1;
						TestTargetID = 6BD463F328CD348E0062934D;
					};
				};
			};
			buildConfigurationList = 6BD463EF28CD348E0062934D /* Build configuration list for PBXProject "Project16" */;
			compatibilityVersion = "Xcode 13.0";
			developmentRegion = en;
			hasScannedForEncodings = 0;
			knownRegions = (
				en,
				Base,
			);
			mainGroup = 6BD463EB28CD348E0062934D;
			productRefGroup = 6BD463F528CD348E0062934D /* Products */;
			projectDirPath = "";
			projectRoot = "";
			targets = (
				6BD463F328CD348E0062934D /* Project16 */,
				6BD4640828CD348F0062934D /* Project16Tests */,
				6BD4641228CD348F0062934D /* Project16UITests */,
			);
		};
/* End PBXProject section */

/* Begin PBXResourcesBuildPhase section */
		6BD463F228CD348E0062934D /* Resources */ = {
			isa = PBXResourcesBuildPhase;
			buildActionMask = 2147483647;
			files = (
				6BD463FF28CD348F0062934D /* Preview Assets.xcassets in Resources */,
				6BD463FC28CD348F0062934D /* Assets.xcassets in Resources */,
			);
			runOnlyForDeploymentPostprocessing = 0;
		};
		6BD4640728CD348F0062934D /* Resources */ = {
			isa = PBXResourcesBuildPhase;
			buildActionMask = 2147483647;
			files = (
			);
			runOnlyForDeploymentPostprocessing = 0;
		};
		6BD4641128CD348F0062934D /* Resources */ = {
			isa = PBXResourcesBuildPhase;
			buildActionMask = 2147483647;
			files = (
			);
			runOnlyForDeploymentPostprocessing = 0;
		};
/* End PBXResourcesBuildPhase section */

/* Begin PBXSourcesBuildPhase section */
		6BD463F028CD348E0062934D /* Sources */ = {
			isa = PBXSourcesBuildPhase;
			buildActionMask = 2147483647;
			files = (
				6BD4640428CD348F0062934D /* Project16.xcdatamodeld in Sources */,
				6BD4640128CD348F0062934D /* Persistence.swift in Sources */,
				6BD463FA28CD348E0062934D /* ContentView.swift in Sources */,
				6BD463F828CD348E0062934D /* Project16App.swift in Sources */,
			);
			runOnlyForDeploymentPostprocessing = 0;
		};
		6BD4640528CD348F0062934D /* Sources */ = {
			isa = PBXSourcesBuildPhase;
			buildActionMask = 2147483647;
			files = (
				6BD4640E28CD348F0062934D /* Project16Tests.swift in Sources */,
			);
			runOnlyForDeploymentPostprocessing = 0;
		};
		6BD4640F28CD348F0062934D /* Sources */ = {
			isa = PBXSourcesBuildPhase;
			buildActionMask = 2147483647;
			files = (
				6BD4641828CD348F0062934D /* Project16UITests.swift in Sources */,
				6BD4641A28CD348F0062934D /* Project16UITestsLaunchTests.swift in Sources */,
			);
			runOnlyForDeploymentPostprocessing = 0;
		};
/* End PBXSourcesBuildPhase section */

/* Begin PBXTargetDependency section */
		6BD4640B28CD348F0062934D /* PBXTargetDependency */ = {
			isa = PBXTargetDependency;
			target = 6BD463F328CD348E0062934D /* Project16 */;
			targetProxy = 6BD4640A28CD348F0062934D /* PBXContainerItemProxy */;
		};
		6BD4641528CD348F0062934D /* PBXTargetDependency */ = {
			isa = PBXTargetDependency;
			target = 6BD463F328CD348E0062934D /* Project16 */;
			targetProxy = 6BD4641428CD348F0062934D /* PBXContainerItemProxy */;
		};
/* End PBXTargetDependency section */

/* Begin XCBuildConfiguration section */
		6BD4641B28CD348F0062934D /* Debug */ = {
			isa = XCBuildConfiguration;
			buildSettings = {
				ALWAYS_SEARCH_USER_PATHS = NO;
				CLANG_ANALYZER_NONNULL = YES;
				CLANG_ANALYZER_NUMBER_OBJECT_CONVERSION = YES_AGGRESSIVE;
				CLANG_CXX_LANGUAGE_STANDARD = "gnu++17";
				CLANG_ENABLE_MODULES = YES;
				CLANG_ENABLE_OBJC_ARC = YES;
				CLANG_ENABLE_OBJC_WEAK = YES;
				CLANG_WARN_BLOCK_CAPTURE_AUTORELEASING = YES;
				CLANG_WARN_BOOL_CONVERSION = YES;
				CLANG_WARN_COMMA = YES;
				CLANG_WARN_CONSTANT_CONVERSION = YES;
				CLANG_WARN_DEPRECATED_OBJC_IMPLEMENTATIONS = YES;
				CLANG_WARN_DIRECT_OBJC_ISA_USAGE = YES_ERROR;
				CLANG_WARN_DOCUMENTATION_COMMENTS = YES;
				CLANG_WARN_EMPTY_BODY = YES;
				CLANG_WARN_ENUM_CONVERSION = YES;
				CLANG_WARN_INFINITE_RECURSION = YES;
				CLANG_WARN_INT_CONVERSION = YES;
				CLANG_WARN_NON_LITERAL_NULL_CONVERSION = YES;
				CLANG_WARN_OBJC_IMPLICIT_RETAIN_SELF = YES;
				CLANG_WARN_OBJC_LITERAL_CONVERSION = YES;
				CLANG_WARN_OBJC_ROOT_CLASS = YES_ERROR;
				CLANG_WARN_QUOTED_INCLUDE_IN_FRAMEWORK_HEADER = YES;
				CLANG_WARN_RANGE_LOOP_ANALYSIS = YES;
				CLANG_WARN_STRICT_PROTOTYPES = YES;
				CLANG_WARN_SUSPICIOUS_MOVE = YES;
				CLANG_WARN_UNGUARDED_AVAILABILITY = YES_AGGRESSIVE;
				CLANG_WARN_UNREACHABLE_CODE = YES;
				CLANG_WARN__DUPLICATE_METHOD_MATCH = YES;
				COPY_PHASE_STRIP = NO;
				DEBUG_INFORMATION_FORMAT = dwarf;
				ENABLE_STRICT_OBJC_MSGSEND = YES;
				ENABLE_TESTABILITY = YES;
				GCC_C_LANGUAGE_STANDARD = gnu11;
				GCC_DYNAMIC_NO_PIC = NO;
				GCC_NO_COMMON_BLOCKS = YES;
				GCC_OPTIMIZATION_LEVEL = 0;
				GCC_PREPROCESSOR_DEFINITIONS = (
					"DEBUG=1",
					"$(inherited)",
				);
				GCC_WARN_64_TO_32_BIT_CONVERSION = YES;
				GCC_WARN_ABOUT_RETURN_TYPE = YES_ERROR;
				GCC_WARN_UNDECLARED_SELECTOR = YES;
				GCC_WARN_UNINITIALIZED_AUTOS = YES_AGGRESSIVE;
				GCC_WARN_UNUSED_FUNCTION = YES;
				GCC_WARN_UNUSED_VARIABLE = YES;
				IPHONEOS_DEPLOYMENT_TARGET = 15.5;
				MTL_ENABLE_DEBUG_INFO = INCLUDE_SOURCE;
				MTL_FAST_MATH = YES;
				ONLY_ACTIVE_ARCH = YES;
				SDKROOT = iphoneos;
				SWIFT_ACTIVE_COMPILATION_CONDITIONS = DEBUG;
				SWIFT_OPTIMIZATION_LEVEL = "-Onone";
			};
			name = Debug;
		};
		6BD4641C28CD348F0062934D /* Release */ = {
			isa = XCBuildConfiguration;
			buildSettings = {
				ALWAYS_SEARCH_USER_PATHS = NO;
				CLANG_ANALYZER_NONNULL = YES;
				CLANG_ANALYZER_NUMBER_OBJECT_CONVERSION = YES_AGGRESSIVE;
				CLANG_CXX_LANGUAGE_STANDARD = "gnu++17";
				CLANG_ENABLE_MODULES = YES;
				CLANG_ENABLE_OBJC_ARC = YES;
				CLANG_ENABLE_OBJC_WEAK = YES;
				CLANG_WARN_BLOCK_CAPTURE_AUTORELEASING = YES;
				CLANG_WARN_BOOL_CONVERSION = YES;
				CLANG_WARN_COMMA = YES;
				CLANG_WARN_CONSTANT_CONVERSION = YES;
				CLANG_WARN_DEPRECATED_OBJC_IMPLEMENTATIONS = YES;
				CLANG_WARN_DIRECT_OBJC_ISA_USAGE = YES_ERROR;
				CLANG_WARN_DOCUMENTATION_COMMENTS = YES;
				CLANG_WARN_EMPTY_BODY = YES;
				CLANG_WARN_ENUM_CONVERSION = YES;
				CLANG_WARN_INFINITE_RECURSION = YES;
				CLANG_WARN_INT_CONVERSION = YES;
				CLANG_WARN_NON_LITERAL_NULL_CONVERSION = YES;
				CLANG_WARN_OBJC_IMPLICIT_RETAIN_SELF = YES;
				CLANG_WARN_OBJC_LITERAL_CONVERSION = YES;
				CLANG_WARN_OBJC_ROOT_CLASS = YES_ERROR;
				CLANG_WARN_QUOTED_INCLUDE_IN_FRAMEWORK_HEADER = YES;
				CLANG_WARN_RANGE_LOOP_ANALYSIS = YES;
				CLANG_WARN_STRICT_PROTOTYPES = YES;
				CLANG_WARN_SUSPICIOUS_MOVE = YES;
				CLANG_WARN_UNGUARDED_AVAILABILITY = YES_AGGRESSIVE;
				CLANG_WARN_UNREACHABLE_CODE = YES;
				CLANG_WARN__DUPLICATE_METHOD_MATCH = YES;
				COPY_PHASE_STRIP = NO;
				DEBUG_INFORMATION_FORMAT = "dwarf-with-dsym";
				ENABLE_NS_ASSERTIONS = NO;
				ENABLE_STRICT_OBJC_MSGSEND = YES;
				GCC_C_LANGUAGE_STANDARD = gnu11;
				GCC_NO_COMMON_BLOCKS = YES;
				GCC_WARN_64_TO_32_BIT_CONVERSION = YES;
				GCC_WARN_ABOUT_RETURN_TYPE = YES_ERROR;
				GCC_WARN_UNDECLARED_SELECTOR = YES;
				GCC_WARN_UNINITIALIZED_AUTOS = YES_AGGRESSIVE;
				GCC_WARN_UNUSED_FUNCTION = YES;
				GCC_WARN_UNUSED_VARIABLE = YES;
				IPHONEOS_DEPLOYMENT_TARGET = 15.5;
				MTL_ENABLE_DEBUG_INFO = NO;
				MTL_FAST_MATH = YES;
				SDKROOT = iphoneos;
				SWIFT_COMPILATION_MODE = wholemodule;
				SWIFT_OPTIMIZATION_LEVEL = "-O";
				VALIDATE_PRODUCT = YES;
			};
			name = Release;
		};
		6BD4641E28CD348F0062934D /* Debug */ = {
			isa = XCBuildConfiguration;
			buildSettings = {
				ASSETCATALOG_COMPILER_APPICON_NAME = AppIcon;
				ASSETCATALOG_COMPILER_GLOBAL_ACCENT_COLOR_NAME = AccentColor;
				CODE_SIGN_STYLE = Automatic;
				CURRENT_PROJECT_VERSION = 1;
				DEVELOPMENT_ASSET_PATHS = "\"Project16/Preview Content\"";
				DEVELOPMENT_TEAM = 5XPP9GGY9N;
				ENABLE_PREVIEWS = YES;
				GENERATE_INFOPLIST_FILE = YES;
				INFOPLIST_KEY_UIApplicationSceneManifest_Generation = YES;
				INFOPLIST_KEY_UIApplicationSupportsIndirectInputEvents = YES;
				INFOPLIST_KEY_UILaunchScreen_Generation = YES;
				INFOPLIST_KEY_UISupportedInterfaceOrientations_iPad = "UIInterfaceOrientationPortrait UIInterfaceOrientationPortraitUpsideDown UIInterfaceOrientationLandscapeLeft UIInterfaceOrientationLandscapeRight";
				INFOPLIST_KEY_UISupportedInterfaceOrientations_iPhone = "UIInterfaceOrientationPortrait UIInterfaceOrientationLandscapeLeft UIInterfaceOrientationLandscapeRight";
				LD_RUNPATH_SEARCH_PATHS = (
					"$(inherited)",
					"@executable_path/Frameworks",
				);
				MARKETING_VERSION = 1.0;
				PRODUCT_BUNDLE_IDENTIFIER = com.octotap.Project16;
				PRODUCT_NAME = "$(TARGET_NAME)";
				SWIFT_EMIT_LOC_STRINGS = YES;
				SWIFT_VERSION = 5.0;
				TARGETED_DEVICE_FAMILY = "1,2";
			};
			name = Debug;
		};
		6BD4641F28CD348F0062934D /* Release */ = {
			isa = XCBuildConfiguration;
			buildSettings = {
				ASSETCATALOG_COMPILER_APPICON_NAME = AppIcon;
				ASSETCATALOG_COMPILER_GLOBAL_ACCENT_COLOR_NAME = AccentColor;
				CODE_SIGN_STYLE = Automatic;
				CURRENT_PROJECT_VERSION = 1;
				DEVELOPMENT_ASSET_PATHS = "\"Project16/Preview Content\"";
				DEVELOPMENT_TEAM = 5XPP9GGY9N;
				ENABLE_PREVIEWS = YES;
				GENERATE_INFOPLIST_FILE = YES;
				INFOPLIST_KEY_UIApplicationSceneManifest_Generation = YES;
				INFOPLIST_KEY_UIApplicationSupportsIndirectInputEvents = YES;
				INFOPLIST_KEY_UILaunchScreen_Generation = YES;
				INFOPLIST_KEY_UISupportedInterfaceOrientations_iPad = "UIInterfaceOrientationPortrait UIInterfaceOrientationPortraitUpsideDown UIInterfaceOrientationLandscapeLeft UIInterfaceOrientationLandscapeRight";
				INFOPLIST_KEY_UISupportedInterfaceOrientations_iPhone = "UIInterfaceOrientationPortrait UIInterfaceOrientationLandscapeLeft UIInterfaceOrientationLandscapeRight";
				LD_RUNPATH_SEARCH_PATHS = (
					"$(inherited)",
					"@executable_path/Frameworks",
				);
				MARKETING_VERSION = 1.0;
				PRODUCT_BUNDLE_IDENTIFIER = com.octotap.Project16;
				PRODUCT_NAME = "$(TARGET_NAME)";
				SWIFT_EMIT_LOC_STRINGS = YES;
				SWIFT_VERSION = 5.0;
				TARGETED_DEVICE_FAMILY = "1,2";
			};
			name = Release;
		};
		6BD4642128CD348F0062934D /* Debug */ = {
			isa = XCBuildConfiguration;
			buildSettings = {
				ALWAYS_EMBED_SWIFT_STANDARD_LIBRARIES = YES;
				BUNDLE_LOADER = "$(TEST_HOST)";
				CODE_SIGN_STYLE = Automatic;
				CURRENT_PROJECT_VERSION = 1;
				DEVELOPMENT_TEAM = 5XPP9GGY9N;
				GENERATE_INFOPLIST_FILE = YES;
				IPHONEOS_DEPLOYMENT_TARGET = 15.5;
				MARKETING_VERSION = 1.0;
				PRODUCT_BUNDLE_IDENTIFIER = com.octotap.Project16Tests;
				PRODUCT_NAME = "$(TARGET_NAME)";
				SWIFT_EMIT_LOC_STRINGS = NO;
				SWIFT_VERSION = 5.0;
				TARGETED_DEVICE_FAMILY = "1,2";
				TEST_HOST = "$(BUILT_PRODUCTS_DIR)/Project16.app/Project16";
			};
			name = Debug;
		};
		6BD4642228CD348F0062934D /* Release */ = {
			isa = XCBuildConfiguration;
			buildSettings = {
				ALWAYS_EMBED_SWIFT_STANDARD_LIBRARIES = YES;
				BUNDLE_LOADER = "$(TEST_HOST)";
				CODE_SIGN_STYLE = Automatic;
				CURRENT_PROJECT_VERSION = 1;
				DEVELOPMENT_TEAM = 5XPP9GGY9N;
				GENERATE_INFOPLIST_FILE = YES;
				IPHONEOS_DEPLOYMENT_TARGET = 15.5;
				MARKETING_VERSION = 1.0;
				PRODUCT_BUNDLE_IDENTIFIER = com.octotap.Project16Tests;
				PRODUCT_NAME = "$(TARGET_NAME)";
				SWIFT_EMIT_LOC_STRINGS = NO;
				SWIFT_VERSION = 5.0;
				TARGETED_DEVICE_FAMILY = "1,2";
				TEST_HOST = "$(BUILT_PRODUCTS_DIR)/Project16.app/Project16";
			};
			name = Release;
		};
		6BD4642428CD348F0062934D /* Debug */ = {
			isa = XCBuildConfiguration;
			buildSettings = {
				ALWAYS_EMBED_SWIFT_STANDARD_LIBRARIES = YES;
				CODE_SIGN_STYLE = Automatic;
				CURRENT_PROJECT_VERSION = 1;
				DEVELOPMENT_TEAM = 5XPP9GGY9N;
				GENERATE_INFOPLIST_FILE = YES;
				MARKETING_VERSION = 1.0;
				PRODUCT_BUNDLE_IDENTIFIER = com.octotap.Project16UITests;
				PRODUCT_NAME = "$(TARGET_NAME)";
				SWIFT_EMIT_LOC_STRINGS = NO;
				SWIFT_VERSION = 5.0;
				TARGETED_DEVICE_FAMILY = "1,2";
				TEST_TARGET_NAME = Project16;
			};
			name = Debug;
		};
		6BD4642528CD348F0062934D /* Release */ = {
			isa = XCBuildConfiguration;
			buildSettings = {
				ALWAYS_EMBED_SWIFT_STANDARD_LIBRARIES = YES;
				CODE_SIGN_STYLE = Automatic;
				CURRENT_PROJECT_VERSION = 1;
				DEVELOPMENT_TEAM = 5XPP9GGY9N;
				GENERATE_INFOPLIST_FILE = YES;
				MARKETING_VERSION = 1.0;
				PRODUCT_BUNDLE_IDENTIFIER = com.octotap.Project16UITests;
				PRODUCT_NAME = "$(TARGET_NAME)";
				SWIFT_EMIT_LOC_STRINGS = NO;
				SWIFT_VERSION = 5.0;
				TARGETED_DEVICE_FAMILY = "1,2";
				TEST_TARGET_NAME = Project16;
			};
			name = Release;
		};
/* End XCBuildConfiguration section */

/* Begin XCConfigurationList section */
		6BD463EF28CD348E0062934D /* Build configuration list for PBXProject "Project16" */ = {
			isa = XCConfigurationList;
			buildConfigurations = (
				6BD4641B28CD348F0062934D /* Debug */,
				6BD4641C28CD348F0062934D /* Release */,
			);
			defaultConfigurationIsVisible = 0;
			defaultConfigurationName = Release;
		};
		6BD4641D28CD348F0062934D /* Build configuration list for PBXNativeTarget "Project16" */ = {
			isa = XCConfigurationList;
			buildConfigurations = (
				6BD4641E28CD348F0062934D /* Debug */,
				6BD4641F28CD348F0062934D /* Release */,
			);
			defaultConfigurationIsVisible = 0;
			defaultConfigurationName = Release;
		};
		6BD4642028CD348F0062934D /* Build configuration list for PBXNativeTarget "Project16Tests" */ = {
			isa = XCConfigurationList;
			buildConfigurations = (
				6BD4642128CD348F0062934D /* Debug */,
				6BD4642228CD348F0062934D /* Release */,
			);
			defaultConfigurationIsVisible = 0;
			defaultConfigurationName = Release;
		};
		6BD4642328CD348F0062934D /* Build configuration list for PBXNativeTarget "Project16UITests" */ = {
			isa = XCConfigurationList;
			buildConfigurations = (
				6BD4642428CD348F0062934D /* Debug */,
				6BD4642528CD348F0062934D /* Release */,
			);
			defaultConfigurationIsVisible = 0;
			defaultConfigurationName = Release;
		};
/* End XCConfigurationList section */

/* Begin XCVersionGroup section */
		6BD4640228CD348F0062934D /* Project16.xcdatamodeld */ = {
			isa = XCVersionGroup;
			children = (
				6BD4640328CD348F0062934D /* Project16.xcdatamodel */,
			);
			currentVersion = 6BD4640328CD348F0062934D /* Project16.xcdatamodel */;
			path = Project16.xcdatamodeld;
			sourceTree = "<group>";
			versionGroupType = wrapper.xcdatamodel;
		};
/* End XCVersionGroup section */
	};
	rootObject = 6BD463EC28CD348E0062934D /* Project object */;
}
