// !$*UTF8*$!
{
	archiveVersion = 1;
	classes = {
	};
	objectVersion = 55;
	objects = {

/* Begin PBXBuildFile section */
		6B52A39528C9540C0047A93E /* Project14App.swift in Sources */ = {isa = PBXBuildFile; fileRef = 6B52A39428C9540C0047A93E /* Project14App.swift */; };
		6B52A39728C9540C0047A93E /* ContentView.swift in Sources */ = {isa = PBXBuildFile; fileRef = 6B52A39628C9540C0047A93E /* ContentView.swift */; };
		6B52A39928C9540E0047A93E /* Assets.xcassets in Resources */ = {isa = PBXBuildFile; fileRef = 6B52A39828C9540E0047A93E /* Assets.xcassets */; };
		6B52A39C28C9540E0047A93E /* Preview Assets.xcassets in Resources */ = {isa = PBXBuildFile; fileRef = 6B52A39B28C9540E0047A93E /* Preview Assets.xcassets */; };
		6B52A39E28C9540E0047A93E /* Persistence.swift in Sources */ = {isa = PBXBuildFile; fileRef = 6B52A39D28C9540E0047A93E /* Persistence.swift */; };
		6B52A3A128C9540E0047A93E /* Project14.xcdatamodeld in Sources */ = {isa = PBXBuildFile; fileRef = 6B52A39F28C9540E0047A93E /* Project14.xcdatamodeld */; };
		6B52A3AB28C9540E0047A93E /* Project14Tests.swift in Sources */ = {isa = PBXBuildFile; fileRef = 6B52A3AA28C9540E0047A93E /* Project14Tests.swift */; };
		6B52A3B528C9540E0047A93E /* Project14UITests.swift in Sources */ = {isa = PBXBuildFile; fileRef = 6B52A3B428C9540E0047A93E /* Project14UITests.swift */; };
		6B52A3B728C9540E0047A93E /* Project14UITestsLaunchTests.swift in Sources */ = {isa = PBXBuildFile; fileRef = 6B52A3B628C9540E0047A93E /* Project14UITestsLaunchTests.swift */; };
		6B7069D928CA395100A4DC00 /* ConditionEnumView.swift in Sources */ = {isa = PBXBuildFile; fileRef = 6B7069D828CA395100A4DC00 /* ConditionEnumView.swift */; };
		6B7069DB28CA3D5100A4DC00 /* MapTestView.swift in Sources */ = {isa = PBXBuildFile; fileRef = 6B7069DA28CA3D5100A4DC00 /* MapTestView.swift */; };
		6B7069DD28CA3F3C00A4DC00 /* FaceIdTestView.swift in Sources */ = {isa = PBXBuildFile; fileRef = 6B7069DC28CA3F3C00A4DC00 /* FaceIdTestView.swift */; };
		6B7069DF28CA421700A4DC00 /* BucketListView.swift in Sources */ = {isa = PBXBuildFile; fileRef = 6B7069DE28CA421700A4DC00 /* BucketListView.swift */; };
		6B7069E128CA433700A4DC00 /* Location.swift in Sources */ = {isa = PBXBuildFile; fileRef = 6B7069E028CA433700A4DC00 /* Location.swift */; };
		6B7069E328CA479B00A4DC00 /* LocationEditView.swift in Sources */ = {isa = PBXBuildFile; fileRef = 6B7069E228CA479B00A4DC00 /* LocationEditView.swift */; };
/* End PBXBuildFile section */

/* Begin PBXContainerItemProxy section */
		6B52A3A728C9540E0047A93E /* PBXContainerItemProxy */ = {
			isa = PBXContainerItemProxy;
			containerPortal = 6B52A38928C9540C0047A93E /* Project object */;
			proxyType = 1;
			remoteGlobalIDString = 6B52A39028C9540C0047A93E;
			remoteInfo = Project14;
		};
		6B52A3B128C9540E0047A93E /* PBXContainerItemProxy */ = {
			isa = PBXContainerItemProxy;
			containerPortal = 6B52A38928C9540C0047A93E /* Project object */;
			proxyType = 1;
			remoteGlobalIDString = 6B52A39028C9540C0047A93E;
			remoteInfo = Project14;
		};
/* End PBXContainerItemProxy section */

/* Begin PBXFileReference section */
		6B52A39128C9540C0047A93E /* Project14.app */ = {isa = PBXFileReference; explicitFileType = wrapper.application; includeInIndex = 0; path = Project14.app; sourceTree = BUILT_PRODUCTS_DIR; };
		6B52A39428C9540C0047A93E /* Project14App.swift */ = {isa = PBXFileReference; lastKnownFileType = sourcecode.swift; path = Project14App.swift; sourceTree = "<group>"; };
		6B52A39628C9540C0047A93E /* ContentView.swift */ = {isa = PBXFileReference; lastKnownFileType = sourcecode.swift; path = ContentView.swift; sourceTree = "<group>"; };
		6B52A39828C9540E0047A93E /* Assets.xcassets */ = {isa = PBXFileReference; lastKnownFileType = folder.assetcatalog; path = Assets.xcassets; sourceTree = "<group>"; };
		6B52A39B28C9540E0047A93E /* Preview Assets.xcassets */ = {isa = PBXFileReference; lastKnownFileType = folder.assetcatalog; path = "Preview Assets.xcassets"; sourceTree = "<group>"; };
		6B52A39D28C9540E0047A93E /* Persistence.swift */ = {isa = PBXFileReference; lastKnownFileType = sourcecode.swift; path = Persistence.swift; sourceTree = "<group>"; };
		6B52A3A028C9540E0047A93E /* Project14.xcdatamodel */ = {isa = PBXFileReference; lastKnownFileType = wrapper.xcdatamodel; path = Project14.xcdatamodel; sourceTree = "<group>"; };
		6B52A3A628C9540E0047A93E /* Project14Tests.xctest */ = {isa = PBXFileReference; explicitFileType = wrapper.cfbundle; includeInIndex = 0; path = Project14Tests.xctest; sourceTree = BUILT_PRODUCTS_DIR; };
		6B52A3AA28C9540E0047A93E /* Project14Tests.swift */ = {isa = PBXFileReference; lastKnownFileType = sourcecode.swift; path = Project14Tests.swift; sourceTree = "<group>"; };
		6B52A3B028C9540E0047A93E /* Project14UITests.xctest */ = {isa = PBXFileReference; explicitFileType = wrapper.cfbundle; includeInIndex = 0; path = Project14UITests.xctest; sourceTree = BUILT_PRODUCTS_DIR; };
		6B52A3B428C9540E0047A93E /* Project14UITests.swift */ = {isa = PBXFileReference; lastKnownFileType = sourcecode.swift; path = Project14UITests.swift; sourceTree = "<group>"; };
		6B52A3B628C9540E0047A93E /* Project14UITestsLaunchTests.swift */ = {isa = PBXFileReference; lastKnownFileType = sourcecode.swift; path = Project14UITestsLaunchTests.swift; sourceTree = "<group>"; };
		6B7069D828CA395100A4DC00 /* ConditionEnumView.swift */ = {isa = PBXFileReference; lastKnownFileType = sourcecode.swift; path = ConditionEnumView.swift; sourceTree = "<group>"; };
		6B7069DA28CA3D5100A4DC00 /* MapTestView.swift */ = {isa = PBXFileReference; lastKnownFileType = sourcecode.swift; path = MapTestView.swift; sourceTree = "<group>"; };
		6B7069DC28CA3F3C00A4DC00 /* FaceIdTestView.swift */ = {isa = PBXFileReference; lastKnownFileType = sourcecode.swift; path = FaceIdTestView.swift; sourceTree = "<group>"; };
		6B7069DE28CA421700A4DC00 /* BucketListView.swift */ = {isa = PBXFileReference; lastKnownFileType = sourcecode.swift; path = BucketListView.swift; sourceTree = "<group>"; };
		6B7069E028CA433700A4DC00 /* Location.swift */ = {isa = PBXFileReference; lastKnownFileType = sourcecode.swift; path = Location.swift; sourceTree = "<group>"; };
		6B7069E228CA479B00A4DC00 /* LocationEditView.swift */ = {isa = PBXFileReference; lastKnownFileType = sourcecode.swift; path = LocationEditView.swift; sourceTree = "<group>"; };
/* End PBXFileReference section */

/* Begin PBXFrameworksBuildPhase section */
		6B52A38E28C9540C0047A93E /* Frameworks */ = {
			isa = PBXFrameworksBuildPhase;
			buildActionMask = 2147483647;
			files = (
			);
			runOnlyForDeploymentPostprocessing = 0;
		};
		6B52A3A328C9540E0047A93E /* Frameworks */ = {
			isa = PBXFrameworksBuildPhase;
			buildActionMask = 2147483647;
			files = (
			);
			runOnlyForDeploymentPostprocessing = 0;
		};
		6B52A3AD28C9540E0047A93E /* Frameworks */ = {
			isa = PBXFrameworksBuildPhase;
			buildActionMask = 2147483647;
			files = (
			);
			runOnlyForDeploymentPostprocessing = 0;
		};
/* End PBXFrameworksBuildPhase section */

/* Begin PBXGroup section */
		6B52A38828C9540C0047A93E = {
			isa = PBXGroup;
			children = (
				6B52A39328C9540C0047A93E /* Project14 */,
				6B52A3A928C9540E0047A93E /* Project14Tests */,
				6B52A3B328C9540E0047A93E /* Project14UITests */,
				6B52A39228C9540C0047A93E /* Products */,
			);
			sourceTree = "<group>";
		};
		6B52A39228C9540C0047A93E /* Products */ = {
			isa = PBXGroup;
			children = (
				6B52A39128C9540C0047A93E /* Project14.app */,
				6B52A3A628C9540E0047A93E /* Project14Tests.xctest */,
				6B52A3B028C9540E0047A93E /* Project14UITests.xctest */,
			);
			name = Products;
			sourceTree = "<group>";
		};
		6B52A39328C9540C0047A93E /* Project14 */ = {
			isa = PBXGroup;
			children = (
				6B52A39428C9540C0047A93E /* Project14App.swift */,
				6B52A39628C9540C0047A93E /* ContentView.swift */,
				6B7069D828CA395100A4DC00 /* ConditionEnumView.swift */,
				6B7069DA28CA3D5100A4DC00 /* MapTestView.swift */,
				6B7069DC28CA3F3C00A4DC00 /* FaceIdTestView.swift */,
				6B7069DE28CA421700A4DC00 /* BucketListView.swift */,
				6B7069E228CA479B00A4DC00 /* LocationEditView.swift */,
				6B7069E028CA433700A4DC00 /* Location.swift */,
				6B52A39828C9540E0047A93E /* Assets.xcassets */,
				6B52A39D28C9540E0047A93E /* Persistence.swift */,
				6B52A39F28C9540E0047A93E /* Project14.xcdatamodeld */,
				6B52A39A28C9540E0047A93E /* Preview Content */,
			);
			path = Project14;
			sourceTree = "<group>";
		};
		6B52A39A28C9540E0047A93E /* Preview Content */ = {
			isa = PBXGroup;
			children = (
				6B52A39B28C9540E0047A93E /* Preview Assets.xcassets */,
			);
			path = "Preview Content";
			sourceTree = "<group>";
		};
		6B52A3A928C9540E0047A93E /* Project14Tests */ = {
			isa = PBXGroup;
			children = (
				6B52A3AA28C9540E0047A93E /* Project14Tests.swift */,
			);
			path = Project14Tests;
			sourceTree = "<group>";
		};
		6B52A3B328C9540E0047A93E /* Project14UITests */ = {
			isa = PBXGroup;
			children = (
				6B52A3B428C9540E0047A93E /* Project14UITests.swift */,
				6B52A3B628C9540E0047A93E /* Project14UITestsLaunchTests.swift */,
			);
			path = Project14UITests;
			sourceTree = "<group>";
		};
/* End PBXGroup section */

/* Begin PBXNativeTarget section */
		6B52A39028C9540C0047A93E /* Project14 */ = {
			isa = PBXNativeTarget;
			buildConfigurationList = 6B52A3BA28C9540E0047A93E /* Build configuration list for PBXNativeTarget "Project14" */;
			buildPhases = (
				6B52A38D28C9540C0047A93E /* Sources */,
				6B52A38E28C9540C0047A93E /* Frameworks */,
				6B52A38F28C9540C0047A93E /* Resources */,
			);
			buildRules = (
			);
			dependencies = (
			);
			name = Project14;
			productName = Project14;
			productReference = 6B52A39128C9540C0047A93E /* Project14.app */;
			productType = "com.apple.product-type.application";
		};
		6B52A3A528C9540E0047A93E /* Project14Tests */ = {
			isa = PBXNativeTarget;
			buildConfigurationList = 6B52A3BD28C9540E0047A93E /* Build configuration list for PBXNativeTarget "Project14Tests" */;
			buildPhases = (
				6B52A3A228C9540E0047A93E /* Sources */,
				6B52A3A328C9540E0047A93E /* Frameworks */,
				6B52A3A428C9540E0047A93E /* Resources */,
			);
			buildRules = (
			);
			dependencies = (
				6B52A3A828C9540E0047A93E /* PBXTargetDependency */,
			);
			name = Project14Tests;
			productName = Project14Tests;
			productReference = 6B52A3A628C9540E0047A93E /* Project14Tests.xctest */;
			productType = "com.apple.product-type.bundle.unit-test";
		};
		6B52A3AF28C9540E0047A93E /* Project14UITests */ = {
			isa = PBXNativeTarget;
			buildConfigurationList = 6B52A3C028C9540E0047A93E /* Build configuration list for PBXNativeTarget "Project14UITests" */;
			buildPhases = (
				6B52A3AC28C9540E0047A93E /* Sources */,
				6B52A3AD28C9540E0047A93E /* Frameworks */,
				6B52A3AE28C9540E0047A93E /* Resources */,
			);
			buildRules = (
			);
			dependencies = (
				6B52A3B228C9540E0047A93E /* PBXTargetDependency */,
			);
			name = Project14UITests;
			productName = Project14UITests;
			productReference = 6B52A3B028C9540E0047A93E /* Project14UITests.xctest */;
			productType = "com.apple.product-type.bundle.ui-testing";
		};
/* End PBXNativeTarget section */

/* Begin PBXProject section */
		6B52A38928C9540C0047A93E /* Project object */ = {
			isa = PBXProject;
			attributes = {
				BuildIndependentTargetsInParallel = 1;
				LastSwiftUpdateCheck = 1340;
				LastUpgradeCheck = 1340;
				TargetAttributes = {
					6B52A39028C9540C0047A93E = {
						CreatedOnToolsVersion = 13.4.1;
					};
					6B52A3A528C9540E0047A93E = {
						CreatedOnToolsVersion = 13.4.1;
						TestTargetID = 6B52A39028C9540C0047A93E;
					};
					6B52A3AF28C9540E0047A93E = {
						CreatedOnToolsVersion = 13.4.1;
						TestTargetID = 6B52A39028C9540C0047A93E;
					};
				};
			};
			buildConfigurationList = 6B52A38C28C9540C0047A93E /* Build configuration list for PBXProject "Project14" */;
			compatibilityVersion = "Xcode 13.0";
			developmentRegion = en;
			hasScannedForEncodings = 0;
			knownRegions = (
				en,
				Base,
			);
			mainGroup = 6B52A38828C9540C0047A93E;
			productRefGroup = 6B52A39228C9540C0047A93E /* Products */;
			projectDirPath = "";
			projectRoot = "";
			targets = (
				6B52A39028C9540C0047A93E /* Project14 */,
				6B52A3A528C9540E0047A93E /* Project14Tests */,
				6B52A3AF28C9540E0047A93E /* Project14UITests */,
			);
		};
/* End PBXProject section */

/* Begin PBXResourcesBuildPhase section */
		6B52A38F28C9540C0047A93E /* Resources */ = {
			isa = PBXResourcesBuildPhase;
			buildActionMask = 2147483647;
			files = (
				6B52A39C28C9540E0047A93E /* Preview Assets.xcassets in Resources */,
				6B52A39928C9540E0047A93E /* Assets.xcassets in Resources */,
			);
			runOnlyForDeploymentPostprocessing = 0;
		};
		6B52A3A428C9540E0047A93E /* Resources */ = {
			isa = PBXResourcesBuildPhase;
			buildActionMask = 2147483647;
			files = (
			);
			runOnlyForDeploymentPostprocessing = 0;
		};
		6B52A3AE28C9540E0047A93E /* Resources */ = {
			isa = PBXResourcesBuildPhase;
			buildActionMask = 2147483647;
			files = (
			);
			runOnlyForDeploymentPostprocessing = 0;
		};
/* End PBXResourcesBuildPhase section */

/* Begin PBXSourcesBuildPhase section */
		6B52A38D28C9540C0047A93E /* Sources */ = {
			isa = PBXSourcesBuildPhase;
			buildActionMask = 2147483647;
			files = (
				6B7069D928CA395100A4DC00 /* ConditionEnumView.swift in Sources */,
				6B52A39E28C9540E0047A93E /* Persistence.swift in Sources */,
				6B52A39728C9540C0047A93E /* ContentView.swift in Sources */,
				6B52A3A128C9540E0047A93E /* Project14.xcdatamodeld in Sources */,
				6B7069E128CA433700A4DC00 /* Location.swift in Sources */,
				6B7069DF28CA421700A4DC00 /* BucketListView.swift in Sources */,
				6B52A39528C9540C0047A93E /* Project14App.swift in Sources */,
				6B7069DB28CA3D5100A4DC00 /* MapTestView.swift in Sources */,
				6B7069DD28CA3F3C00A4DC00 /* FaceIdTestView.swift in Sources */,
				6B7069E328CA479B00A4DC00 /* LocationEditView.swift in Sources */,
			);
			runOnlyForDeploymentPostprocessing = 0;
		};
		6B52A3A228C9540E0047A93E /* Sources */ = {
			isa = PBXSourcesBuildPhase;
			buildActionMask = 2147483647;
			files = (
				6B52A3AB28C9540E0047A93E /* Project14Tests.swift in Sources */,
			);
			runOnlyForDeploymentPostprocessing = 0;
		};
		6B52A3AC28C9540E0047A93E /* Sources */ = {
			isa = PBXSourcesBuildPhase;
			buildActionMask = 2147483647;
			files = (
				6B52A3B528C9540E0047A93E /* Project14UITests.swift in Sources */,
				6B52A3B728C9540E0047A93E /* Project14UITestsLaunchTests.swift in Sources */,
			);
			runOnlyForDeploymentPostprocessing = 0;
		};
/* End PBXSourcesBuildPhase section */

/* Begin PBXTargetDependency section */
		6B52A3A828C9540E0047A93E /* PBXTargetDependency */ = {
			isa = PBXTargetDependency;
			target = 6B52A39028C9540C0047A93E /* Project14 */;
			targetProxy = 6B52A3A728C9540E0047A93E /* PBXContainerItemProxy */;
		};
		6B52A3B228C9540E0047A93E /* PBXTargetDependency */ = {
			isa = PBXTargetDependency;
			target = 6B52A39028C9540C0047A93E /* Project14 */;
			targetProxy = 6B52A3B128C9540E0047A93E /* PBXContainerItemProxy */;
		};
/* End PBXTargetDependency section */

/* Begin XCBuildConfiguration section */
		6B52A3B828C9540E0047A93E /* Debug */ = {
			isa = XCBuildConfiguration;
			buildSettings = {
				ALWAYS_SEARCH_USER_PATHS = NO;
				CLANG_ANALYZER_NONNULL = YES;
				CLANG_ANALYZER_NUMBER_OBJECT_CONVERSION = YES_AGGRESSIVE;
				CLANG_CXX_LANGUAGE_STANDARD = "gnu++17";
				CLANG_ENABLE_MODULES = YES;
				CLANG_ENABLE_OBJC_ARC = YES;
				CLANG_ENABLE_OBJC_WEAK = YES;
				CLANG_WARN_BLOCK_CAPTURE_AUTORELEASING = YES;
				CLANG_WARN_BOOL_CONVERSION = YES;
				CLANG_WARN_COMMA = YES;
				CLANG_WARN_CONSTANT_CONVERSION = YES;
				CLANG_WARN_DEPRECATED_OBJC_IMPLEMENTATIONS = YES;
				CLANG_WARN_DIRECT_OBJC_ISA_USAGE = YES_ERROR;
				CLANG_WARN_DOCUMENTATION_COMMENTS = YES;
				CLANG_WARN_EMPTY_BODY = YES;
				CLANG_WARN_ENUM_CONVERSION = YES;
				CLANG_WARN_INFINITE_RECURSION = YES;
				CLANG_WARN_INT_CONVERSION = YES;
				CLANG_WARN_NON_LITERAL_NULL_CONVERSION = YES;
				CLANG_WARN_OBJC_IMPLICIT_RETAIN_SELF = YES;
				CLANG_WARN_OBJC_LITERAL_CONVERSION = YES;
				CLANG_WARN_OBJC_ROOT_CLASS = YES_ERROR;
				CLANG_WARN_QUOTED_INCLUDE_IN_FRAMEWORK_HEADER = YES;
				CLANG_WARN_RANGE_LOOP_ANALYSIS = YES;
				CLANG_WARN_STRICT_PROTOTYPES = YES;
				CLANG_WARN_SUSPICIOUS_MOVE = YES;
				CLANG_WARN_UNGUARDED_AVAILABILITY = YES_AGGRESSIVE;
				CLANG_WARN_UNREACHABLE_CODE = YES;
				CLANG_WARN__DUPLICATE_METHOD_MATCH = YES;
				COPY_PHASE_STRIP = NO;
				DEBUG_INFORMATION_FORMAT = dwarf;
				ENABLE_STRICT_OBJC_MSGSEND = YES;
				ENABLE_TESTABILITY = YES;
				GCC_C_LANGUAGE_STANDARD = gnu11;
				GCC_DYNAMIC_NO_PIC = NO;
				GCC_NO_COMMON_BLOCKS = YES;
				GCC_OPTIMIZATION_LEVEL = 0;
				GCC_PREPROCESSOR_DEFINITIONS = (
					"DEBUG=1",
					"$(inherited)",
				);
				GCC_WARN_64_TO_32_BIT_CONVERSION = YES;
				GCC_WARN_ABOUT_RETURN_TYPE = YES_ERROR;
				GCC_WARN_UNDECLARED_SELECTOR = YES;
				GCC_WARN_UNINITIALIZED_AUTOS = YES_AGGRESSIVE;
				GCC_WARN_UNUSED_FUNCTION = YES;
				GCC_WARN_UNUSED_VARIABLE = YES;
				IPHONEOS_DEPLOYMENT_TARGET = 15.5;
				MTL_ENABLE_DEBUG_INFO = INCLUDE_SOURCE;
				MTL_FAST_MATH = YES;
				ONLY_ACTIVE_ARCH = YES;
				SDKROOT = iphoneos;
				SWIFT_ACTIVE_COMPILATION_CONDITIONS = DEBUG;
				SWIFT_OPTIMIZATION_LEVEL = "-Onone";
			};
			name = Debug;
		};
		6B52A3B928C9540E0047A93E /* Release */ = {
			isa = XCBuildConfiguration;
			buildSettings = {
				ALWAYS_SEARCH_USER_PATHS = NO;
				CLANG_ANALYZER_NONNULL = YES;
				CLANG_ANALYZER_NUMBER_OBJECT_CONVERSION = YES_AGGRESSIVE;
				CLANG_CXX_LANGUAGE_STANDARD = "gnu++17";
				CLANG_ENABLE_MODULES = YES;
				CLANG_ENABLE_OBJC_ARC = YES;
				CLANG_ENABLE_OBJC_WEAK = YES;
				CLANG_WARN_BLOCK_CAPTURE_AUTORELEASING = YES;
				CLANG_WARN_BOOL_CONVERSION = YES;
				CLANG_WARN_COMMA = YES;
				CLANG_WARN_CONSTANT_CONVERSION = YES;
				CLANG_WARN_DEPRECATED_OBJC_IMPLEMENTATIONS = YES;
				CLANG_WARN_DIRECT_OBJC_ISA_USAGE = YES_ERROR;
				CLANG_WARN_DOCUMENTATION_COMMENTS = YES;
				CLANG_WARN_EMPTY_BODY = YES;
				CLANG_WARN_ENUM_CONVERSION = YES;
				CLANG_WARN_INFINITE_RECURSION = YES;
				CLANG_WARN_INT_CONVERSION = YES;
				CLANG_WARN_NON_LITERAL_NULL_CONVERSION = YES;
				CLANG_WARN_OBJC_IMPLICIT_RETAIN_SELF = YES;
				CLANG_WARN_OBJC_LITERAL_CONVERSION = YES;
				CLANG_WARN_OBJC_ROOT_CLASS = YES_ERROR;
				CLANG_WARN_QUOTED_INCLUDE_IN_FRAMEWORK_HEADER = YES;
				CLANG_WARN_RANGE_LOOP_ANALYSIS = YES;
				CLANG_WARN_STRICT_PROTOTYPES = YES;
				CLANG_WARN_SUSPICIOUS_MOVE = YES;
				CLANG_WARN_UNGUARDED_AVAILABILITY = YES_AGGRESSIVE;
				CLANG_WARN_UNREACHABLE_CODE = YES;
				CLANG_WARN__DUPLICATE_METHOD_MATCH = YES;
				COPY_PHASE_STRIP = NO;
				DEBUG_INFORMATION_FORMAT = "dwarf-with-dsym";
				ENABLE_NS_ASSERTIONS = NO;
				ENABLE_STRICT_OBJC_MSGSEND = YES;
				GCC_C_LANGUAGE_STANDARD = gnu11;
				GCC_NO_COMMON_BLOCKS = YES;
				GCC_WARN_64_TO_32_BIT_CONVERSION = YES;
				GCC_WARN_ABOUT_RETURN_TYPE = YES_ERROR;
				GCC_WARN_UNDECLARED_SELECTOR = YES;
				GCC_WARN_UNINITIALIZED_AUTOS = YES_AGGRESSIVE;
				GCC_WARN_UNUSED_FUNCTION = YES;
				GCC_WARN_UNUSED_VARIABLE = YES;
				IPHONEOS_DEPLOYMENT_TARGET = 15.5;
				MTL_ENABLE_DEBUG_INFO = NO;
				MTL_FAST_MATH = YES;
				SDKROOT = iphoneos;
				SWIFT_COMPILATION_MODE = wholemodule;
				SWIFT_OPTIMIZATION_LEVEL = "-O";
				VALIDATE_PRODUCT = YES;
			};
			name = Release;
		};
		6B52A3BB28C9540E0047A93E /* Debug */ = {
			isa = XCBuildConfiguration;
			buildSettings = {
				ASSETCATALOG_COMPILER_APPICON_NAME = AppIcon;
				ASSETCATALOG_COMPILER_GLOBAL_ACCENT_COLOR_NAME = AccentColor;
				CODE_SIGN_STYLE = Automatic;
				CURRENT_PROJECT_VERSION = 1;
				DEVELOPMENT_ASSET_PATHS = "\"Project14/Preview Content\"";
				DEVELOPMENT_TEAM = 5XPP9GGY9N;
				ENABLE_PREVIEWS = YES;
				GENERATE_INFOPLIST_FILE = YES;
				INFOPLIST_KEY_NSFaceIDUsageDescription = "We need to unlock your data.";
				INFOPLIST_KEY_UIApplicationSceneManifest_Generation = YES;
				INFOPLIST_KEY_UIApplicationSupportsIndirectInputEvents = YES;
				INFOPLIST_KEY_UILaunchScreen_Generation = YES;
				INFOPLIST_KEY_UISupportedInterfaceOrientations_iPad = "UIInterfaceOrientationPortrait UIInterfaceOrientationPortraitUpsideDown UIInterfaceOrientationLandscapeLeft UIInterfaceOrientationLandscapeRight";
				INFOPLIST_KEY_UISupportedInterfaceOrientations_iPhone = "UIInterfaceOrientationPortrait UIInterfaceOrientationLandscapeLeft UIInterfaceOrientationLandscapeRight";
				LD_RUNPATH_SEARCH_PATHS = (
					"$(inherited)",
					"@executable_path/Frameworks",
				);
				MARKETING_VERSION = 1.0;
				PRODUCT_BUNDLE_IDENTIFIER = com.octotap.Project14;
				PRODUCT_NAME = "$(TARGET_NAME)";
				SWIFT_EMIT_LOC_STRINGS = YES;
				SWIFT_VERSION = 5.0;
				TARGETED_DEVICE_FAMILY = "1,2";
			};
			name = Debug;
		};
		6B52A3BC28C9540E0047A93E /* Release */ = {
			isa = XCBuildConfiguration;
			buildSettings = {
				ASSETCATALOG_COMPILER_APPICON_NAME = AppIcon;
				ASSETCATALOG_COMPILER_GLOBAL_ACCENT_COLOR_NAME = AccentColor;
				CODE_SIGN_STYLE = Automatic;
				CURRENT_PROJECT_VERSION = 1;
				DEVELOPMENT_ASSET_PATHS = "\"Project14/Preview Content\"";
				DEVELOPMENT_TEAM = 5XPP9GGY9N;
				ENABLE_PREVIEWS = YES;
				GENERATE_INFOPLIST_FILE = YES;
				INFOPLIST_KEY_NSFaceIDUsageDescription = "We need to unlock your data.";
				INFOPLIST_KEY_UIApplicationSceneManifest_Generation = YES;
				INFOPLIST_KEY_UIApplicationSupportsIndirectInputEvents = YES;
				INFOPLIST_KEY_UILaunchScreen_Generation = YES;
				INFOPLIST_KEY_UISupportedInterfaceOrientations_iPad = "UIInterfaceOrientationPortrait UIInterfaceOrientationPortraitUpsideDown UIInterfaceOrientationLandscapeLeft UIInterfaceOrientationLandscapeRight";
				INFOPLIST_KEY_UISupportedInterfaceOrientations_iPhone = "UIInterfaceOrientationPortrait UIInterfaceOrientationLandscapeLeft UIInterfaceOrientationLandscapeRight";
				LD_RUNPATH_SEARCH_PATHS = (
					"$(inherited)",
					"@executable_path/Frameworks",
				);
				MARKETING_VERSION = 1.0;
				PRODUCT_BUNDLE_IDENTIFIER = com.octotap.Project14;
				PRODUCT_NAME = "$(TARGET_NAME)";
				SWIFT_EMIT_LOC_STRINGS = YES;
				SWIFT_VERSION = 5.0;
				TARGETED_DEVICE_FAMILY = "1,2";
			};
			name = Release;
		};
		6B52A3BE28C9540E0047A93E /* Debug */ = {
			isa = XCBuildConfiguration;
			buildSettings = {
				ALWAYS_EMBED_SWIFT_STANDARD_LIBRARIES = YES;
				BUNDLE_LOADER = "$(TEST_HOST)";
				CODE_SIGN_STYLE = Automatic;
				CURRENT_PROJECT_VERSION = 1;
				DEVELOPMENT_TEAM = 5XPP9GGY9N;
				GENERATE_INFOPLIST_FILE = YES;
				IPHONEOS_DEPLOYMENT_TARGET = 15.5;
				MARKETING_VERSION = 1.0;
				PRODUCT_BUNDLE_IDENTIFIER = com.octotap.Project14Tests;
				PRODUCT_NAME = "$(TARGET_NAME)";
				SWIFT_EMIT_LOC_STRINGS = NO;
				SWIFT_VERSION = 5.0;
				TARGETED_DEVICE_FAMILY = "1,2";
				TEST_HOST = "$(BUILT_PRODUCTS_DIR)/Project14.app/Project14";
			};
			name = Debug;
		};
		6B52A3BF28C9540E0047A93E /* Release */ = {
			isa = XCBuildConfiguration;
			buildSettings = {
				ALWAYS_EMBED_SWIFT_STANDARD_LIBRARIES = YES;
				BUNDLE_LOADER = "$(TEST_HOST)";
				CODE_SIGN_STYLE = Automatic;
				CURRENT_PROJECT_VERSION = 1;
				DEVELOPMENT_TEAM = 5XPP9GGY9N;
				GENERATE_INFOPLIST_FILE = YES;
				IPHONEOS_DEPLOYMENT_TARGET = 15.5;
				MARKETING_VERSION = 1.0;
				PRODUCT_BUNDLE_IDENTIFIER = com.octotap.Project14Tests;
				PRODUCT_NAME = "$(TARGET_NAME)";
				SWIFT_EMIT_LOC_STRINGS = NO;
				SWIFT_VERSION = 5.0;
				TARGETED_DEVICE_FAMILY = "1,2";
				TEST_HOST = "$(BUILT_PRODUCTS_DIR)/Project14.app/Project14";
			};
			name = Release;
		};
		6B52A3C128C9540E0047A93E /* Debug */ = {
			isa = XCBuildConfiguration;
			buildSettings = {
				ALWAYS_EMBED_SWIFT_STANDARD_LIBRARIES = YES;
				CODE_SIGN_STYLE = Automatic;
				CURRENT_PROJECT_VERSION = 1;
				DEVELOPMENT_TEAM = 5XPP9GGY9N;
				GENERATE_INFOPLIST_FILE = YES;
				MARKETING_VERSION = 1.0;
				PRODUCT_BUNDLE_IDENTIFIER = com.octotap.Project14UITests;
				PRODUCT_NAME = "$(TARGET_NAME)";
				SWIFT_EMIT_LOC_STRINGS = NO;
				SWIFT_VERSION = 5.0;
				TARGETED_DEVICE_FAMILY = "1,2";
				TEST_TARGET_NAME = Project14;
			};
			name = Debug;
		};
		6B52A3C228C9540E0047A93E /* Release */ = {
			isa = XCBuildConfiguration;
			buildSettings = {
				ALWAYS_EMBED_SWIFT_STANDARD_LIBRARIES = YES;
				CODE_SIGN_STYLE = Automatic;
				CURRENT_PROJECT_VERSION = 1;
				DEVELOPMENT_TEAM = 5XPP9GGY9N;
				GENERATE_INFOPLIST_FILE = YES;
				MARKETING_VERSION = 1.0;
				PRODUCT_BUNDLE_IDENTIFIER = com.octotap.Project14UITests;
				PRODUCT_NAME = "$(TARGET_NAME)";
				SWIFT_EMIT_LOC_STRINGS = NO;
				SWIFT_VERSION = 5.0;
				TARGETED_DEVICE_FAMILY = "1,2";
				TEST_TARGET_NAME = Project14;
			};
			name = Release;
		};
/* End XCBuildConfiguration section */

/* Begin XCConfigurationList section */
		6B52A38C28C9540C0047A93E /* Build configuration list for PBXProject "Project14" */ = {
			isa = XCConfigurationList;
			buildConfigurations = (
				6B52A3B828C9540E0047A93E /* Debug */,
				6B52A3B928C9540E0047A93E /* Release */,
			);
			defaultConfigurationIsVisible = 0;
			defaultConfigurationName = Release;
		};
		6B52A3BA28C9540E0047A93E /* Build configuration list for PBXNativeTarget "Project14" */ = {
			isa = XCConfigurationList;
			buildConfigurations = (
				6B52A3BB28C9540E0047A93E /* Debug */,
				6B52A3BC28C9540E0047A93E /* Release */,
			);
			defaultConfigurationIsVisible = 0;
			defaultConfigurationName = Release;
		};
		6B52A3BD28C9540E0047A93E /* Build configuration list for PBXNativeTarget "Project14Tests" */ = {
			isa = XCConfigurationList;
			buildConfigurations = (
				6B52A3BE28C9540E0047A93E /* Debug */,
				6B52A3BF28C9540E0047A93E /* Release */,
			);
			defaultConfigurationIsVisible = 0;
			defaultConfigurationName = Release;
		};
		6B52A3C028C9540E0047A93E /* Build configuration list for PBXNativeTarget "Project14UITests" */ = {
			isa = XCConfigurationList;
			buildConfigurations = (
				6B52A3C128C9540E0047A93E /* Debug */,
				6B52A3C228C9540E0047A93E /* Release */,
			);
			defaultConfigurationIsVisible = 0;
			defaultConfigurationName = Release;
		};
/* End XCConfigurationList section */

/* Begin XCVersionGroup section */
		6B52A39F28C9540E0047A93E /* Project14.xcdatamodeld */ = {
			isa = XCVersionGroup;
			children = (
				6B52A3A028C9540E0047A93E /* Project14.xcdatamodel */,
			);
			currentVersion = 6B52A3A028C9540E0047A93E /* Project14.xcdatamodel */;
			path = Project14.xcdatamodeld;
			sourceTree = "<group>";
			versionGroupType = wrapper.xcdatamodel;
		};
/* End XCVersionGroup section */
	};
	rootObject = 6B52A38928C9540C0047A93E /* Project object */;
}
